// !$*UTF8*$!
{
	archiveVersion = 1;
	classes = {
	};
	objectVersion = 63;
	objects = {

/* Begin PBXBuildFile section */
		18A7E3152CE6FD640069739E /* TFYSwiftMacOSAppKit-Swift-Info.plist in Resources */ = {isa = PBXBuildFile; fileRef = 18A7E3142CE6FD640069739E /* TFYSwiftMacOSAppKit-Swift-Info.plist */; };
		18A7E3172CE721830069739E /* TFYSwiftVPNManager.swift in Sources */ = {isa = PBXBuildFile; fileRef = 18A7E3162CE721830069739E /* TFYSwiftVPNManager.swift */; };
		36D89F9B2CE6457B00BD1A5D /* NSTextView+Dejal.swift in Sources */ = {isa = PBXBuildFile; fileRef = 36D89F9A2CE6457B00BD1A5D /* NSTextView+Dejal.swift */; };
		36EC0C9E2CDA4627003EBAD5 /* TFYSwiftLabel.swift in Sources */ = {isa = PBXBuildFile; fileRef = 36EC0C9D2CDA4627003EBAD5 /* TFYSwiftLabel.swift */; };
		36EC0CA02CDA4AE3003EBAD5 /* TFYSwiftButton.swift in Sources */ = {isa = PBXBuildFile; fileRef = 36EC0C9F2CDA4AE3003EBAD5 /* TFYSwiftButton.swift */; };
		36EC0CA72CDA5812003EBAD5 /* TFYSwiftUtils.swift in Sources */ = {isa = PBXBuildFile; fileRef = 36EC0CA62CDA5812003EBAD5 /* TFYSwiftUtils.swift */; };
		36EC0CA92CDA62D4003EBAD5 /* TFYSwiftJsonUtils.swift in Sources */ = {isa = PBXBuildFile; fileRef = 36EC0CA82CDA62D4003EBAD5 /* TFYSwiftJsonUtils.swift */; };
		36EC0CAB2CDA6385003EBAD5 /* TFYSwiftAsynce.swift in Sources */ = {isa = PBXBuildFile; fileRef = 36EC0CAA2CDA6385003EBAD5 /* TFYSwiftAsynce.swift */; };
		36EC0CAD2CDA6513003EBAD5 /* TFYSwiftGCD.swift in Sources */ = {isa = PBXBuildFile; fileRef = 36EC0CAC2CDA6513003EBAD5 /* TFYSwiftGCD.swift */; };
		36EC0CAF2CDA6600003EBAD5 /* TFYSwiftTimer.swift in Sources */ = {isa = PBXBuildFile; fileRef = 36EC0CAE2CDA6600003EBAD5 /* TFYSwiftTimer.swift */; };
		36EC0CB62CDB9EA4003EBAD5 /* NSView+Dejal.swift in Sources */ = {isa = PBXBuildFile; fileRef = 36EC0CB52CDB9EA4003EBAD5 /* NSView+Dejal.swift */; };
		36EC0CB92CDCEAF0003EBAD5 /* TFYStatusItemContainerView.swift in Sources */ = {isa = PBXBuildFile; fileRef = 36EC0CB82CDCEAF0003EBAD5 /* TFYStatusItemContainerView.swift */; };
		36EC0CBB2CDCEBE3003EBAD5 /* TFYStatusItemWindowConfiguration.swift in Sources */ = {isa = PBXBuildFile; fileRef = 36EC0CBA2CDCEBE3003EBAD5 /* TFYStatusItemWindowConfiguration.swift */; };
		36EC0CBD2CDCEF5E003EBAD5 /* TFYStatusItemWindowBackgroundView.swift in Sources */ = {isa = PBXBuildFile; fileRef = 36EC0CBC2CDCEF5E003EBAD5 /* TFYStatusItemWindowBackgroundView.swift */; };
		36EC0CBF2CDCF032003EBAD5 /* TFYStatusItemWindow.swift in Sources */ = {isa = PBXBuildFile; fileRef = 36EC0CBE2CDCF032003EBAD5 /* TFYStatusItemWindow.swift */; };
		36EC0CC32CDCF3B5003EBAD5 /* TFYStatusItemWindowController.swift in Sources */ = {isa = PBXBuildFile; fileRef = 36EC0CC22CDCF3B5003EBAD5 /* TFYStatusItemWindowController.swift */; };
		36EC0CC52CDCF457003EBAD5 /* TFYStatusItem.swift in Sources */ = {isa = PBXBuildFile; fileRef = 36EC0CC42CDCF457003EBAD5 /* TFYStatusItem.swift */; };
		3D04F7452CDA0E13009493BF /* AppDelegate.swift in Sources */ = {isa = PBXBuildFile; fileRef = 3D04F73E2CDA0E13009493BF /* AppDelegate.swift */; };
		3D04F7462CDA0E13009493BF /* ViewController.swift in Sources */ = {isa = PBXBuildFile; fileRef = 3D04F7432CDA0E13009493BF /* ViewController.swift */; };
		3D04F7472CDA0E13009493BF /* Assets.xcassets in Resources */ = {isa = PBXBuildFile; fileRef = 3D04F73F2CDA0E13009493BF /* Assets.xcassets */; };
		3D04F7482CDA0E13009493BF /* Main.storyboard in Resources */ = {isa = PBXBuildFile; fileRef = 3D04F7412CDA0E13009493BF /* Main.storyboard */; };
		3D04F7522CDA1020009493BF /* TFYSwiftTextFieldCell.swift in Sources */ = {isa = PBXBuildFile; fileRef = 3D04F7512CDA1020009493BF /* TFYSwiftTextFieldCell.swift */; };
		3D04F7542CDA1275009493BF /* TFYSwiftSecureTextFieldCell.swift in Sources */ = {isa = PBXBuildFile; fileRef = 3D04F7532CDA1275009493BF /* TFYSwiftSecureTextFieldCell.swift */; };
		3D04F7562CDA131D009493BF /* TFYSwiftTextField.swift in Sources */ = {isa = PBXBuildFile; fileRef = 3D04F7552CDA131D009493BF /* TFYSwiftTextField.swift */; };
		3D04F7582CDA251A009493BF /* TFYSwiftSecureTextField.swift in Sources */ = {isa = PBXBuildFile; fileRef = 3D04F7572CDA2519009493BF /* TFYSwiftSecureTextField.swift */; };
		3D04F75A2CDA27B4009493BF /* TFYSwiftOpenPanel.swift in Sources */ = {isa = PBXBuildFile; fileRef = 3D04F7592CDA27B4009493BF /* TFYSwiftOpenPanel.swift */; };
		3D04F76C2CDB67DB009493BF /* NSObject+Dejal.swift in Sources */ = {isa = PBXBuildFile; fileRef = 3D04F76B2CDB67DB009493BF /* NSObject+Dejal.swift */; };
		3D04F7702CDB6DED009493BF /* NSString+Dejal.swift in Sources */ = {isa = PBXBuildFile; fileRef = 3D04F76F2CDB6DED009493BF /* NSString+Dejal.swift */; };
		3D04F7B42CDC8D2F009493BF /* NSTextField+Dejal.swift in Sources */ = {isa = PBXBuildFile; fileRef = 3D04F7B32CDC8D2F009493BF /* NSTextField+Dejal.swift */; };
		3D04F8002CDCA31F009493BF /* TFYSwiftChain.swift in Sources */ = {isa = PBXBuildFile; fileRef = 3D04F7D12CDCA31F009493BF /* TFYSwiftChain.swift */; };
		3D04F8012CDCA31F009493BF /* TFYSwiftNSScrollView.swift in Sources */ = {isa = PBXBuildFile; fileRef = 3D04F7EA2CDCA31F009493BF /* TFYSwiftNSScrollView.swift */; };
		3D04F8022CDCA31F009493BF /* TFYSwiftNSComboBox.swift in Sources */ = {isa = PBXBuildFile; fileRef = 3D04F7DA2CDCA31F009493BF /* TFYSwiftNSComboBox.swift */; };
		3D04F8032CDCA31F009493BF /* TFYSwiftNSTableView.swift in Sources */ = {isa = PBXBuildFile; fileRef = 3D04F7F72CDCA31F009493BF /* TFYSwiftNSTableView.swift */; };
		3D04F8042CDCA31F009493BF /* TFYSwiftHasFont.swift in Sources */ = {isa = PBXBuildFile; fileRef = 3D04F7D22CDCA31F009493BF /* TFYSwiftHasFont.swift */; };
		3D04F8052CDCA31F009493BF /* TFYSwiftNSOutlineView.swift in Sources */ = {isa = PBXBuildFile; fileRef = 3D04F7E32CDCA31F009493BF /* TFYSwiftNSOutlineView.swift */; };
		3D04F8062CDCA31F009493BF /* TFYSwiftNSSegmentedControl.swift in Sources */ = {isa = PBXBuildFile; fileRef = 3D04F7EE2CDCA31F009493BF /* TFYSwiftNSSegmentedControl.swift */; };
		3D04F8072CDCA31F009493BF /* TFYSwiftNSPopUpButton.swift in Sources */ = {isa = PBXBuildFile; fileRef = 3D04F7E52CDCA31F009493BF /* TFYSwiftNSPopUpButton.swift */; };
		3D04F8082CDCA31F009493BF /* TFYSwiftNSBrowser.swift in Sources */ = {isa = PBXBuildFile; fileRef = 3D04F7D52CDCA31F009493BF /* TFYSwiftNSBrowser.swift */; };
		3D04F8092CDCA31F009493BF /* TFYSwiftNSDatePicker.swift in Sources */ = {isa = PBXBuildFile; fileRef = 3D04F7DD2CDCA31F009493BF /* TFYSwiftNSDatePicker.swift */; };
		3D04F80A2CDCA31F009493BF /* TFYSwiftNSPathControl.swift in Sources */ = {isa = PBXBuildFile; fileRef = 3D04F7E42CDCA31F009493BF /* TFYSwiftNSPathControl.swift */; };
		3D04F80B2CDCA31F009493BF /* TFYSwiftNSStepper.swift in Sources */ = {isa = PBXBuildFile; fileRef = 3D04F7F32CDCA31F009493BF /* TFYSwiftNSStepper.swift */; };
		3D04F80C2CDCA31F009493BF /* TFYSwiftNSSplitView.swift in Sources */ = {isa = PBXBuildFile; fileRef = 3D04F7F02CDCA31F009493BF /* TFYSwiftNSSplitView.swift */; };
		3D04F80D2CDCA31F009493BF /* TFYSwiftNSSlider.swift in Sources */ = {isa = PBXBuildFile; fileRef = 3D04F7EF2CDCA31F009493BF /* TFYSwiftNSSlider.swift */; };
		3D04F80E2CDCA31F009493BF /* TFYSwiftNSView.swift in Sources */ = {isa = PBXBuildFile; fileRef = 3D04F7FD2CDCA31F009493BF /* TFYSwiftNSView.swift */; };
		3D04F80F2CDCA31F009493BF /* TFYSwiftNSTextField.swift in Sources */ = {isa = PBXBuildFile; fileRef = 3D04F7FA2CDCA31F009493BF /* TFYSwiftNSTextField.swift */; };
		3D04F8102CDCA31F009493BF /* TFYSwiftNSColorWell.swift in Sources */ = {isa = PBXBuildFile; fileRef = 3D04F7D92CDCA31F009493BF /* TFYSwiftNSColorWell.swift */; };
		3D04F8112CDCA31F009493BF /* TFYSwiftNSStackView.swift in Sources */ = {isa = PBXBuildFile; fileRef = 3D04F7F12CDCA31F009493BF /* TFYSwiftNSStackView.swift */; };
		3D04F8122CDCA31F009493BF /* TFYSwiftNSRulerView.swift in Sources */ = {isa = PBXBuildFile; fileRef = 3D04F7E82CDCA31F009493BF /* TFYSwiftNSRulerView.swift */; };
		3D04F8132CDCA31F009493BF /* TFYSwiftNSLevelIndicator.swift in Sources */ = {isa = PBXBuildFile; fileRef = 3D04F7E12CDCA31F009493BF /* TFYSwiftNSLevelIndicator.swift */; };
		3D04F8142CDCA31F009493BF /* TFYSwiftNSControl.swift in Sources */ = {isa = PBXBuildFile; fileRef = 3D04F7DC2CDCA31F009493BF /* TFYSwiftNSControl.swift */; };
		3D04F8152CDCA31F009493BF /* TFYSwiftNSText.swift in Sources */ = {isa = PBXBuildFile; fileRef = 3D04F7F92CDCA31F009493BF /* TFYSwiftNSText.swift */; };
		3D04F8162CDCA31F009493BF /* TFYSwiftNSRuleEditor.swift in Sources */ = {isa = PBXBuildFile; fileRef = 3D04F7E72CDCA31F009493BF /* TFYSwiftNSRuleEditor.swift */; };
		3D04F8172CDCA31F009493BF /* TFYSwiftNSBox.swift in Sources */ = {isa = PBXBuildFile; fileRef = 3D04F7D42CDCA31F009493BF /* TFYSwiftNSBox.swift */; };
		3D04F8182CDCA31F009493BF /* TFYSwiftNSTabView.swift in Sources */ = {isa = PBXBuildFile; fileRef = 3D04F7F82CDCA31F009493BF /* TFYSwiftNSTabView.swift */; };
		3D04F8192CDCA31F009493BF /* TFYSwiftNSTableRowView.swift in Sources */ = {isa = PBXBuildFile; fileRef = 3D04F7F62CDCA31F009493BF /* TFYSwiftNSTableRowView.swift */; };
		3D04F81A2CDCA31F009493BF /* TFYSwiftNSProgressIndicator.swift in Sources */ = {isa = PBXBuildFile; fileRef = 3D04F7E62CDCA31F009493BF /* TFYSwiftNSProgressIndicator.swift */; };
		3D04F81B2CDCA31F009493BF /* TFYSwiftNSSearchField.swift in Sources */ = {isa = PBXBuildFile; fileRef = 3D04F7EC2CDCA31F009493BF /* TFYSwiftNSSearchField.swift */; };
		3D04F81C2CDCA31F009493BF /* TFYSwiftNSComboButton.swift in Sources */ = {isa = PBXBuildFile; fileRef = 3D04F7DB2CDCA31F009493BF /* TFYSwiftNSComboButton.swift */; };
		3D04F81D2CDCA31F009493BF /* TFYSwiftNSTextView.swift in Sources */ = {isa = PBXBuildFile; fileRef = 3D04F7FB2CDCA31F009493BF /* TFYSwiftNSTextView.swift */; };
		3D04F81E2CDCA31F009493BF /* TFYSwiftNSCollectionView.swift in Sources */ = {isa = PBXBuildFile; fileRef = 3D04F7D82CDCA31F009493BF /* TFYSwiftNSCollectionView.swift */; };
		3D04F81F2CDCA31F009493BF /* TFYSwiftNSImageView.swift in Sources */ = {isa = PBXBuildFile; fileRef = 3D04F7DF2CDCA31F009493BF /* TFYSwiftNSImageView.swift */; };
		3D04F8202CDCA31F009493BF /* TFYSwiftNSButton.swift in Sources */ = {isa = PBXBuildFile; fileRef = 3D04F7D62CDCA31F009493BF /* TFYSwiftNSButton.swift */; };
		3D04F8212CDCA31F009493BF /* TFYSwiftNSLabel.swift in Sources */ = {isa = PBXBuildFile; fileRef = 3D04F7E02CDCA31F009493BF /* TFYSwiftNSLabel.swift */; };
		3D04F8222CDCA31F009493BF /* TFYSwiftNSTokenField.swift in Sources */ = {isa = PBXBuildFile; fileRef = 3D04F7FC2CDCA31F009493BF /* TFYSwiftNSTokenField.swift */; };
		3D04F8232CDCA31F009493BF /* TFYSwiftNSMatrix.swift in Sources */ = {isa = PBXBuildFile; fileRef = 3D04F7E22CDCA31F009493BF /* TFYSwiftNSMatrix.swift */; };
		3D04F8242CDCA31F009493BF /* TFYSwiftNSScroller.swift in Sources */ = {isa = PBXBuildFile; fileRef = 3D04F7E92CDCA31F009493BF /* TFYSwiftNSScroller.swift */; };
		3D04F8252CDCA31F009493BF /* TFYSwiftHasText.swift in Sources */ = {isa = PBXBuildFile; fileRef = 3D04F7D32CDCA31F009493BF /* TFYSwiftHasText.swift */; };
		3D04F8262CDCA31F009493BF /* TFYSwiftNSTableCellView.swift in Sources */ = {isa = PBXBuildFile; fileRef = 3D04F7F52CDCA31F009493BF /* TFYSwiftNSTableCellView.swift */; };
		3D04F8272CDCA31F009493BF /* TFYSwiftNSGridView.swift in Sources */ = {isa = PBXBuildFile; fileRef = 3D04F7DE2CDCA31F009493BF /* TFYSwiftNSGridView.swift */; };
		3D04F8282CDCA31F009493BF /* TFYSwiftNSScrubber.swift in Sources */ = {isa = PBXBuildFile; fileRef = 3D04F7EB2CDCA31F009493BF /* TFYSwiftNSScrubber.swift */; };
		3D04F8292CDCA31F009493BF /* TFYSwiftNSSwitch.swift in Sources */ = {isa = PBXBuildFile; fileRef = 3D04F7F42CDCA31F009493BF /* TFYSwiftNSSwitch.swift */; };
		3D04F82A2CDCA31F009493BF /* TFYSwiftNSVisualEffectView.swift in Sources */ = {isa = PBXBuildFile; fileRef = 3D04F7FE2CDCA31F009493BF /* TFYSwiftNSVisualEffectView.swift */; };
		3D04F82B2CDCA31F009493BF /* TFYSwiftNSSecureTextField.swift in Sources */ = {isa = PBXBuildFile; fileRef = 3D04F7ED2CDCA31F009493BF /* TFYSwiftNSSecureTextField.swift */; };
		3D04F82C2CDCA31F009493BF /* TFYSwiftNSClipView.swift in Sources */ = {isa = PBXBuildFile; fileRef = 3D04F7D72CDCA31F009493BF /* TFYSwiftNSClipView.swift */; };
		3D04F82D2CDCA31F009493BF /* TFYSwiftNSStatusBarButton.swift in Sources */ = {isa = PBXBuildFile; fileRef = 3D04F7F22CDCA31F009493BF /* TFYSwiftNSStatusBarButton.swift */; };
		3D04F8312CDCA3A0009493BF /* TFYSwiftNSGestureRecognizer.swift in Sources */ = {isa = PBXBuildFile; fileRef = 3D04F8302CDCA3A0009493BF /* TFYSwiftNSGestureRecognizer.swift */; };
		3D04F8342CDCA5C9009493BF /* TFYSwiftNSPressGestureRecognizer.swift in Sources */ = {isa = PBXBuildFile; fileRef = 3D04F8332CDCA5C9009493BF /* TFYSwiftNSPressGestureRecognizer.swift */; };
		3D04F8362CDCA65A009493BF /* TFYSwiftNSPanGestureRecognizer.swift in Sources */ = {isa = PBXBuildFile; fileRef = 3D04F8352CDCA65A009493BF /* TFYSwiftNSPanGestureRecognizer.swift */; };
		3D04F8382CDCA6F6009493BF /* TFYSwiftNSRotationGestureRecognizer.swift in Sources */ = {isa = PBXBuildFile; fileRef = 3D04F8372CDCA6F6009493BF /* TFYSwiftNSRotationGestureRecognizer.swift */; };
		3D04F83A2CDCA744009493BF /* TFYSwiftNSClickGestureRecognizer.swift in Sources */ = {isa = PBXBuildFile; fileRef = 3D04F8392CDCA744009493BF /* TFYSwiftNSClickGestureRecognizer.swift */; };
		3D04F83C2CDCA788009493BF /* TFYSwiftNSMagnificationGestureRecognizer.swift in Sources */ = {isa = PBXBuildFile; fileRef = 3D04F83B2CDCA788009493BF /* TFYSwiftNSMagnificationGestureRecognizer.swift */; };
		3D04F83E2CDCA803009493BF /* TFYSwiftCALayer.swift in Sources */ = {isa = PBXBuildFile; fileRef = 3D04F83D2CDCA803009493BF /* TFYSwiftCALayer.swift */; };
		3D04F8402CDCADF9009493BF /* TFYSwiftCAEmitterLayer.swift in Sources */ = {isa = PBXBuildFile; fileRef = 3D04F83F2CDCADF9009493BF /* TFYSwiftCAEmitterLayer.swift */; };
		3D04F8422CDCAF21009493BF /* TFYSwiftCAGradientLayer.swift in Sources */ = {isa = PBXBuildFile; fileRef = 3D04F8412CDCAF21009493BF /* TFYSwiftCAGradientLayer.swift */; };
		3D04F8442CDCAF92009493BF /* TFYSwiftCAReplicatorLayer.swift in Sources */ = {isa = PBXBuildFile; fileRef = 3D04F8432CDCAF92009493BF /* TFYSwiftCAReplicatorLayer.swift */; };
		3D04F8462CDCB048009493BF /* TFYSwiftCAScrollLayer.swift in Sources */ = {isa = PBXBuildFile; fileRef = 3D04F8452CDCB048009493BF /* TFYSwiftCAScrollLayer.swift */; };
		3D04F8482CDCB135009493BF /* TFYSwiftCAShapeLayer.swift in Sources */ = {isa = PBXBuildFile; fileRef = 3D04F8472CDCB135009493BF /* TFYSwiftCAShapeLayer.swift */; };
		3D04F84A2CDCB269009493BF /* TFYSwiftCATextLayer.swift in Sources */ = {isa = PBXBuildFile; fileRef = 3D04F8492CDCB269009493BF /* TFYSwiftCATextLayer.swift */; };
		3D04F84C2CDCB324009493BF /* TFYSwiftCATiledLayer.swift in Sources */ = {isa = PBXBuildFile; fileRef = 3D04F84B2CDCB324009493BF /* TFYSwiftCATiledLayer.swift */; };
		3D04F8512CDCB66B009493BF /* TFYSwiftHomeController.swift in Sources */ = {isa = PBXBuildFile; fileRef = 3D04F8502CDCB66B009493BF /* TFYSwiftHomeController.swift */; };
		3D04F8632CDDAE09009493BF /* NSControl+Dejal.swift in Sources */ = {isa = PBXBuildFile; fileRef = 3D04F8622CDDAE09009493BF /* NSControl+Dejal.swift */; };
		3D04F86B2CDE1AD5009493BF /* NSColor+Dejal.swift in Sources */ = {isa = PBXBuildFile; fileRef = 3D04F86A2CDE1AD5009493BF /* NSColor+Dejal.swift */; };
		3D04F8A02CDEE720009493BF /* CAGradientLayer+Dejal.swift in Sources */ = {isa = PBXBuildFile; fileRef = 3D04F89F2CDEE720009493BF /* CAGradientLayer+Dejal.swift */; };
		3D04F8A22CDEE89D009493BF /* NSImage+Dejal.swift in Sources */ = {isa = PBXBuildFile; fileRef = 3D04F8A12CDEE89D009493BF /* NSImage+Dejal.swift */; };
		3D04F8A42CDEEA40009493BF /* NSMenu+Dejal.swift in Sources */ = {isa = PBXBuildFile; fileRef = 3D04F8A32CDEEA40009493BF /* NSMenu+Dejal.swift */; };
		3D04F8A62CDEEF4E009493BF /* NSSplitView+Dejal.swift in Sources */ = {isa = PBXBuildFile; fileRef = 3D04F8A52CDEEF4E009493BF /* NSSplitView+Dejal.swift */; };
		3D04F8AC2CDF2E51009493BF /* NSPopover+Dejal.swift in Sources */ = {isa = PBXBuildFile; fileRef = 3D04F8AB2CDF2E51009493BF /* NSPopover+Dejal.swift */; };
		3D04F8B12CDF66E7009493BF /* NSGestureRecognizer+Dejal.swift in Sources */ = {isa = PBXBuildFile; fileRef = 3D04F8B02CDF66E7009493BF /* NSGestureRecognizer+Dejal.swift */; };
/* End PBXBuildFile section */

/* Begin PBXFileReference section */
		18A7E3142CE6FD640069739E /* TFYSwiftMacOSAppKit-Swift-Info.plist */ = {isa = PBXFileReference; lastKnownFileType = text.plist.xml; path = "TFYSwiftMacOSAppKit-Swift-Info.plist"; sourceTree = "<group>"; };
		18A7E3162CE721830069739E /* TFYSwiftVPNManager.swift */ = {isa = PBXFileReference; lastKnownFileType = sourcecode.swift; path = TFYSwiftVPNManager.swift; sourceTree = "<group>"; };
		36D89F9A2CE6457B00BD1A5D /* NSTextView+Dejal.swift */ = {isa = PBXFileReference; lastKnownFileType = sourcecode.swift; path = "NSTextView+Dejal.swift"; sourceTree = "<group>"; };
		36EC0C9D2CDA4627003EBAD5 /* TFYSwiftLabel.swift */ = {isa = PBXFileReference; lastKnownFileType = sourcecode.swift; path = TFYSwiftLabel.swift; sourceTree = "<group>"; };
		36EC0C9F2CDA4AE3003EBAD5 /* TFYSwiftButton.swift */ = {isa = PBXFileReference; lastKnownFileType = sourcecode.swift; path = TFYSwiftButton.swift; sourceTree = "<group>"; };
		36EC0CA62CDA5812003EBAD5 /* TFYSwiftUtils.swift */ = {isa = PBXFileReference; lastKnownFileType = sourcecode.swift; path = TFYSwiftUtils.swift; sourceTree = "<group>"; };
		36EC0CA82CDA62D4003EBAD5 /* TFYSwiftJsonUtils.swift */ = {isa = PBXFileReference; lastKnownFileType = sourcecode.swift; path = TFYSwiftJsonUtils.swift; sourceTree = "<group>"; };
		36EC0CAA2CDA6385003EBAD5 /* TFYSwiftAsynce.swift */ = {isa = PBXFileReference; lastKnownFileType = sourcecode.swift; path = TFYSwiftAsynce.swift; sourceTree = "<group>"; };
		36EC0CAC2CDA6513003EBAD5 /* TFYSwiftGCD.swift */ = {isa = PBXFileReference; lastKnownFileType = sourcecode.swift; path = TFYSwiftGCD.swift; sourceTree = "<group>"; };
		36EC0CAE2CDA6600003EBAD5 /* TFYSwiftTimer.swift */ = {isa = PBXFileReference; lastKnownFileType = sourcecode.swift; path = TFYSwiftTimer.swift; sourceTree = "<group>"; };
		36EC0CB52CDB9EA4003EBAD5 /* NSView+Dejal.swift */ = {isa = PBXFileReference; lastKnownFileType = sourcecode.swift; path = "NSView+Dejal.swift"; sourceTree = "<group>"; };
		36EC0CB82CDCEAF0003EBAD5 /* TFYStatusItemContainerView.swift */ = {isa = PBXFileReference; lastKnownFileType = sourcecode.swift; path = TFYStatusItemContainerView.swift; sourceTree = "<group>"; };
		36EC0CBA2CDCEBE3003EBAD5 /* TFYStatusItemWindowConfiguration.swift */ = {isa = PBXFileReference; lastKnownFileType = sourcecode.swift; path = TFYStatusItemWindowConfiguration.swift; sourceTree = "<group>"; };
		36EC0CBC2CDCEF5E003EBAD5 /* TFYStatusItemWindowBackgroundView.swift */ = {isa = PBXFileReference; lastKnownFileType = sourcecode.swift; path = TFYStatusItemWindowBackgroundView.swift; sourceTree = "<group>"; };
		36EC0CBE2CDCF032003EBAD5 /* TFYStatusItemWindow.swift */ = {isa = PBXFileReference; lastKnownFileType = sourcecode.swift; path = TFYStatusItemWindow.swift; sourceTree = "<group>"; };
		36EC0CC22CDCF3B5003EBAD5 /* TFYStatusItemWindowController.swift */ = {isa = PBXFileReference; lastKnownFileType = sourcecode.swift; path = TFYStatusItemWindowController.swift; sourceTree = "<group>"; };
		36EC0CC42CDCF457003EBAD5 /* TFYStatusItem.swift */ = {isa = PBXFileReference; lastKnownFileType = sourcecode.swift; path = TFYStatusItem.swift; sourceTree = "<group>"; };
		3D04F72C2CDA0E09009493BF /* TFYSwiftMacOSAppKit_Swift.app */ = {isa = PBXFileReference; explicitFileType = wrapper.application; includeInIndex = 0; path = TFYSwiftMacOSAppKit_Swift.app; sourceTree = BUILT_PRODUCTS_DIR; };
		3D04F73E2CDA0E13009493BF /* AppDelegate.swift */ = {isa = PBXFileReference; lastKnownFileType = sourcecode.swift; path = AppDelegate.swift; sourceTree = "<group>"; };
		3D04F73F2CDA0E13009493BF /* Assets.xcassets */ = {isa = PBXFileReference; lastKnownFileType = folder.assetcatalog; path = Assets.xcassets; sourceTree = "<group>"; };
		3D04F7402CDA0E13009493BF /* Base */ = {isa = PBXFileReference; lastKnownFileType = file.storyboard; name = Base; path = Base.lproj/Main.storyboard; sourceTree = "<group>"; };
		3D04F7422CDA0E13009493BF /* TFYSwiftMacOSAppKit_Swift.entitlements */ = {isa = PBXFileReference; lastKnownFileType = text.plist.entitlements; path = TFYSwiftMacOSAppKit_Swift.entitlements; sourceTree = "<group>"; };
		3D04F7432CDA0E13009493BF /* ViewController.swift */ = {isa = PBXFileReference; lastKnownFileType = sourcecode.swift; path = ViewController.swift; sourceTree = "<group>"; };
		3D04F7512CDA1020009493BF /* TFYSwiftTextFieldCell.swift */ = {isa = PBXFileReference; lastKnownFileType = sourcecode.swift; path = TFYSwiftTextFieldCell.swift; sourceTree = "<group>"; };
		3D04F7532CDA1275009493BF /* TFYSwiftSecureTextFieldCell.swift */ = {isa = PBXFileReference; lastKnownFileType = sourcecode.swift; path = TFYSwiftSecureTextFieldCell.swift; sourceTree = "<group>"; };
		3D04F7552CDA131D009493BF /* TFYSwiftTextField.swift */ = {isa = PBXFileReference; lastKnownFileType = sourcecode.swift; path = TFYSwiftTextField.swift; sourceTree = "<group>"; };
		3D04F7572CDA2519009493BF /* TFYSwiftSecureTextField.swift */ = {isa = PBXFileReference; lastKnownFileType = sourcecode.swift; path = TFYSwiftSecureTextField.swift; sourceTree = "<group>"; };
		3D04F7592CDA27B4009493BF /* TFYSwiftOpenPanel.swift */ = {isa = PBXFileReference; lastKnownFileType = sourcecode.swift; path = TFYSwiftOpenPanel.swift; sourceTree = "<group>"; };
		3D04F76B2CDB67DB009493BF /* NSObject+Dejal.swift */ = {isa = PBXFileReference; lastKnownFileType = sourcecode.swift; path = "NSObject+Dejal.swift"; sourceTree = "<group>"; };
		3D04F76F2CDB6DED009493BF /* NSString+Dejal.swift */ = {isa = PBXFileReference; lastKnownFileType = sourcecode.swift; path = "NSString+Dejal.swift"; sourceTree = "<group>"; };
		3D04F7B32CDC8D2F009493BF /* NSTextField+Dejal.swift */ = {isa = PBXFileReference; lastKnownFileType = sourcecode.swift; path = "NSTextField+Dejal.swift"; sourceTree = "<group>"; };
		3D04F7D12CDCA31F009493BF /* TFYSwiftChain.swift */ = {isa = PBXFileReference; lastKnownFileType = sourcecode.swift; path = TFYSwiftChain.swift; sourceTree = "<group>"; };
		3D04F7D22CDCA31F009493BF /* TFYSwiftHasFont.swift */ = {isa = PBXFileReference; lastKnownFileType = sourcecode.swift; path = TFYSwiftHasFont.swift; sourceTree = "<group>"; };
		3D04F7D32CDCA31F009493BF /* TFYSwiftHasText.swift */ = {isa = PBXFileReference; lastKnownFileType = sourcecode.swift; path = TFYSwiftHasText.swift; sourceTree = "<group>"; };
		3D04F7D42CDCA31F009493BF /* TFYSwiftNSBox.swift */ = {isa = PBXFileReference; lastKnownFileType = sourcecode.swift; path = TFYSwiftNSBox.swift; sourceTree = "<group>"; };
		3D04F7D52CDCA31F009493BF /* TFYSwiftNSBrowser.swift */ = {isa = PBXFileReference; lastKnownFileType = sourcecode.swift; path = TFYSwiftNSBrowser.swift; sourceTree = "<group>"; };
		3D04F7D62CDCA31F009493BF /* TFYSwiftNSButton.swift */ = {isa = PBXFileReference; lastKnownFileType = sourcecode.swift; path = TFYSwiftNSButton.swift; sourceTree = "<group>"; };
		3D04F7D72CDCA31F009493BF /* TFYSwiftNSClipView.swift */ = {isa = PBXFileReference; lastKnownFileType = sourcecode.swift; path = TFYSwiftNSClipView.swift; sourceTree = "<group>"; };
		3D04F7D82CDCA31F009493BF /* TFYSwiftNSCollectionView.swift */ = {isa = PBXFileReference; lastKnownFileType = sourcecode.swift; path = TFYSwiftNSCollectionView.swift; sourceTree = "<group>"; };
		3D04F7D92CDCA31F009493BF /* TFYSwiftNSColorWell.swift */ = {isa = PBXFileReference; lastKnownFileType = sourcecode.swift; path = TFYSwiftNSColorWell.swift; sourceTree = "<group>"; };
		3D04F7DA2CDCA31F009493BF /* TFYSwiftNSComboBox.swift */ = {isa = PBXFileReference; lastKnownFileType = sourcecode.swift; path = TFYSwiftNSComboBox.swift; sourceTree = "<group>"; };
		3D04F7DB2CDCA31F009493BF /* TFYSwiftNSComboButton.swift */ = {isa = PBXFileReference; lastKnownFileType = sourcecode.swift; path = TFYSwiftNSComboButton.swift; sourceTree = "<group>"; };
		3D04F7DC2CDCA31F009493BF /* TFYSwiftNSControl.swift */ = {isa = PBXFileReference; lastKnownFileType = sourcecode.swift; path = TFYSwiftNSControl.swift; sourceTree = "<group>"; };
		3D04F7DD2CDCA31F009493BF /* TFYSwiftNSDatePicker.swift */ = {isa = PBXFileReference; lastKnownFileType = sourcecode.swift; path = TFYSwiftNSDatePicker.swift; sourceTree = "<group>"; };
		3D04F7DE2CDCA31F009493BF /* TFYSwiftNSGridView.swift */ = {isa = PBXFileReference; lastKnownFileType = sourcecode.swift; path = TFYSwiftNSGridView.swift; sourceTree = "<group>"; };
		3D04F7DF2CDCA31F009493BF /* TFYSwiftNSImageView.swift */ = {isa = PBXFileReference; lastKnownFileType = sourcecode.swift; path = TFYSwiftNSImageView.swift; sourceTree = "<group>"; };
		3D04F7E02CDCA31F009493BF /* TFYSwiftNSLabel.swift */ = {isa = PBXFileReference; lastKnownFileType = sourcecode.swift; path = TFYSwiftNSLabel.swift; sourceTree = "<group>"; };
		3D04F7E12CDCA31F009493BF /* TFYSwiftNSLevelIndicator.swift */ = {isa = PBXFileReference; lastKnownFileType = sourcecode.swift; path = TFYSwiftNSLevelIndicator.swift; sourceTree = "<group>"; };
		3D04F7E22CDCA31F009493BF /* TFYSwiftNSMatrix.swift */ = {isa = PBXFileReference; lastKnownFileType = sourcecode.swift; path = TFYSwiftNSMatrix.swift; sourceTree = "<group>"; };
		3D04F7E32CDCA31F009493BF /* TFYSwiftNSOutlineView.swift */ = {isa = PBXFileReference; lastKnownFileType = sourcecode.swift; path = TFYSwiftNSOutlineView.swift; sourceTree = "<group>"; };
		3D04F7E42CDCA31F009493BF /* TFYSwiftNSPathControl.swift */ = {isa = PBXFileReference; lastKnownFileType = sourcecode.swift; path = TFYSwiftNSPathControl.swift; sourceTree = "<group>"; };
		3D04F7E52CDCA31F009493BF /* TFYSwiftNSPopUpButton.swift */ = {isa = PBXFileReference; lastKnownFileType = sourcecode.swift; path = TFYSwiftNSPopUpButton.swift; sourceTree = "<group>"; };
		3D04F7E62CDCA31F009493BF /* TFYSwiftNSProgressIndicator.swift */ = {isa = PBXFileReference; lastKnownFileType = sourcecode.swift; path = TFYSwiftNSProgressIndicator.swift; sourceTree = "<group>"; };
		3D04F7E72CDCA31F009493BF /* TFYSwiftNSRuleEditor.swift */ = {isa = PBXFileReference; lastKnownFileType = sourcecode.swift; path = TFYSwiftNSRuleEditor.swift; sourceTree = "<group>"; };
		3D04F7E82CDCA31F009493BF /* TFYSwiftNSRulerView.swift */ = {isa = PBXFileReference; lastKnownFileType = sourcecode.swift; path = TFYSwiftNSRulerView.swift; sourceTree = "<group>"; };
		3D04F7E92CDCA31F009493BF /* TFYSwiftNSScroller.swift */ = {isa = PBXFileReference; lastKnownFileType = sourcecode.swift; path = TFYSwiftNSScroller.swift; sourceTree = "<group>"; };
		3D04F7EA2CDCA31F009493BF /* TFYSwiftNSScrollView.swift */ = {isa = PBXFileReference; lastKnownFileType = sourcecode.swift; path = TFYSwiftNSScrollView.swift; sourceTree = "<group>"; };
		3D04F7EB2CDCA31F009493BF /* TFYSwiftNSScrubber.swift */ = {isa = PBXFileReference; lastKnownFileType = sourcecode.swift; path = TFYSwiftNSScrubber.swift; sourceTree = "<group>"; };
		3D04F7EC2CDCA31F009493BF /* TFYSwiftNSSearchField.swift */ = {isa = PBXFileReference; lastKnownFileType = sourcecode.swift; path = TFYSwiftNSSearchField.swift; sourceTree = "<group>"; };
		3D04F7ED2CDCA31F009493BF /* TFYSwiftNSSecureTextField.swift */ = {isa = PBXFileReference; lastKnownFileType = sourcecode.swift; path = TFYSwiftNSSecureTextField.swift; sourceTree = "<group>"; };
		3D04F7EE2CDCA31F009493BF /* TFYSwiftNSSegmentedControl.swift */ = {isa = PBXFileReference; lastKnownFileType = sourcecode.swift; path = TFYSwiftNSSegmentedControl.swift; sourceTree = "<group>"; };
		3D04F7EF2CDCA31F009493BF /* TFYSwiftNSSlider.swift */ = {isa = PBXFileReference; lastKnownFileType = sourcecode.swift; path = TFYSwiftNSSlider.swift; sourceTree = "<group>"; };
		3D04F7F02CDCA31F009493BF /* TFYSwiftNSSplitView.swift */ = {isa = PBXFileReference; lastKnownFileType = sourcecode.swift; path = TFYSwiftNSSplitView.swift; sourceTree = "<group>"; };
		3D04F7F12CDCA31F009493BF /* TFYSwiftNSStackView.swift */ = {isa = PBXFileReference; lastKnownFileType = sourcecode.swift; path = TFYSwiftNSStackView.swift; sourceTree = "<group>"; };
		3D04F7F22CDCA31F009493BF /* TFYSwiftNSStatusBarButton.swift */ = {isa = PBXFileReference; lastKnownFileType = sourcecode.swift; path = TFYSwiftNSStatusBarButton.swift; sourceTree = "<group>"; };
		3D04F7F32CDCA31F009493BF /* TFYSwiftNSStepper.swift */ = {isa = PBXFileReference; lastKnownFileType = sourcecode.swift; path = TFYSwiftNSStepper.swift; sourceTree = "<group>"; };
		3D04F7F42CDCA31F009493BF /* TFYSwiftNSSwitch.swift */ = {isa = PBXFileReference; lastKnownFileType = sourcecode.swift; path = TFYSwiftNSSwitch.swift; sourceTree = "<group>"; };
		3D04F7F52CDCA31F009493BF /* TFYSwiftNSTableCellView.swift */ = {isa = PBXFileReference; lastKnownFileType = sourcecode.swift; path = TFYSwiftNSTableCellView.swift; sourceTree = "<group>"; };
		3D04F7F62CDCA31F009493BF /* TFYSwiftNSTableRowView.swift */ = {isa = PBXFileReference; lastKnownFileType = sourcecode.swift; path = TFYSwiftNSTableRowView.swift; sourceTree = "<group>"; };
		3D04F7F72CDCA31F009493BF /* TFYSwiftNSTableView.swift */ = {isa = PBXFileReference; lastKnownFileType = sourcecode.swift; path = TFYSwiftNSTableView.swift; sourceTree = "<group>"; };
		3D04F7F82CDCA31F009493BF /* TFYSwiftNSTabView.swift */ = {isa = PBXFileReference; lastKnownFileType = sourcecode.swift; path = TFYSwiftNSTabView.swift; sourceTree = "<group>"; };
		3D04F7F92CDCA31F009493BF /* TFYSwiftNSText.swift */ = {isa = PBXFileReference; lastKnownFileType = sourcecode.swift; path = TFYSwiftNSText.swift; sourceTree = "<group>"; };
		3D04F7FA2CDCA31F009493BF /* TFYSwiftNSTextField.swift */ = {isa = PBXFileReference; lastKnownFileType = sourcecode.swift; path = TFYSwiftNSTextField.swift; sourceTree = "<group>"; };
		3D04F7FB2CDCA31F009493BF /* TFYSwiftNSTextView.swift */ = {isa = PBXFileReference; lastKnownFileType = sourcecode.swift; path = TFYSwiftNSTextView.swift; sourceTree = "<group>"; };
		3D04F7FC2CDCA31F009493BF /* TFYSwiftNSTokenField.swift */ = {isa = PBXFileReference; lastKnownFileType = sourcecode.swift; path = TFYSwiftNSTokenField.swift; sourceTree = "<group>"; };
		3D04F7FD2CDCA31F009493BF /* TFYSwiftNSView.swift */ = {isa = PBXFileReference; lastKnownFileType = sourcecode.swift; path = TFYSwiftNSView.swift; sourceTree = "<group>"; };
		3D04F7FE2CDCA31F009493BF /* TFYSwiftNSVisualEffectView.swift */ = {isa = PBXFileReference; lastKnownFileType = sourcecode.swift; path = TFYSwiftNSVisualEffectView.swift; sourceTree = "<group>"; };
		3D04F8302CDCA3A0009493BF /* TFYSwiftNSGestureRecognizer.swift */ = {isa = PBXFileReference; lastKnownFileType = sourcecode.swift; path = TFYSwiftNSGestureRecognizer.swift; sourceTree = "<group>"; };
		3D04F8332CDCA5C9009493BF /* TFYSwiftNSPressGestureRecognizer.swift */ = {isa = PBXFileReference; lastKnownFileType = sourcecode.swift; path = TFYSwiftNSPressGestureRecognizer.swift; sourceTree = "<group>"; };
		3D04F8352CDCA65A009493BF /* TFYSwiftNSPanGestureRecognizer.swift */ = {isa = PBXFileReference; lastKnownFileType = sourcecode.swift; path = TFYSwiftNSPanGestureRecognizer.swift; sourceTree = "<group>"; };
		3D04F8372CDCA6F6009493BF /* TFYSwiftNSRotationGestureRecognizer.swift */ = {isa = PBXFileReference; lastKnownFileType = sourcecode.swift; path = TFYSwiftNSRotationGestureRecognizer.swift; sourceTree = "<group>"; };
		3D04F8392CDCA744009493BF /* TFYSwiftNSClickGestureRecognizer.swift */ = {isa = PBXFileReference; lastKnownFileType = sourcecode.swift; path = TFYSwiftNSClickGestureRecognizer.swift; sourceTree = "<group>"; };
		3D04F83B2CDCA788009493BF /* TFYSwiftNSMagnificationGestureRecognizer.swift */ = {isa = PBXFileReference; lastKnownFileType = sourcecode.swift; path = TFYSwiftNSMagnificationGestureRecognizer.swift; sourceTree = "<group>"; };
		3D04F83D2CDCA803009493BF /* TFYSwiftCALayer.swift */ = {isa = PBXFileReference; lastKnownFileType = sourcecode.swift; path = TFYSwiftCALayer.swift; sourceTree = "<group>"; };
		3D04F83F2CDCADF9009493BF /* TFYSwiftCAEmitterLayer.swift */ = {isa = PBXFileReference; lastKnownFileType = sourcecode.swift; path = TFYSwiftCAEmitterLayer.swift; sourceTree = "<group>"; };
		3D04F8412CDCAF21009493BF /* TFYSwiftCAGradientLayer.swift */ = {isa = PBXFileReference; lastKnownFileType = sourcecode.swift; path = TFYSwiftCAGradientLayer.swift; sourceTree = "<group>"; };
		3D04F8432CDCAF92009493BF /* TFYSwiftCAReplicatorLayer.swift */ = {isa = PBXFileReference; lastKnownFileType = sourcecode.swift; path = TFYSwiftCAReplicatorLayer.swift; sourceTree = "<group>"; };
		3D04F8452CDCB048009493BF /* TFYSwiftCAScrollLayer.swift */ = {isa = PBXFileReference; lastKnownFileType = sourcecode.swift; path = TFYSwiftCAScrollLayer.swift; sourceTree = "<group>"; };
		3D04F8472CDCB135009493BF /* TFYSwiftCAShapeLayer.swift */ = {isa = PBXFileReference; lastKnownFileType = sourcecode.swift; path = TFYSwiftCAShapeLayer.swift; sourceTree = "<group>"; };
		3D04F8492CDCB269009493BF /* TFYSwiftCATextLayer.swift */ = {isa = PBXFileReference; lastKnownFileType = sourcecode.swift; path = TFYSwiftCATextLayer.swift; sourceTree = "<group>"; };
		3D04F84B2CDCB324009493BF /* TFYSwiftCATiledLayer.swift */ = {isa = PBXFileReference; lastKnownFileType = sourcecode.swift; path = TFYSwiftCATiledLayer.swift; sourceTree = "<group>"; };
		3D04F8502CDCB66B009493BF /* TFYSwiftHomeController.swift */ = {isa = PBXFileReference; lastKnownFileType = sourcecode.swift; path = TFYSwiftHomeController.swift; sourceTree = "<group>"; };
		3D04F8622CDDAE09009493BF /* NSControl+Dejal.swift */ = {isa = PBXFileReference; lastKnownFileType = sourcecode.swift; path = "NSControl+Dejal.swift"; sourceTree = "<group>"; };
		3D04F86A2CDE1AD5009493BF /* NSColor+Dejal.swift */ = {isa = PBXFileReference; lastKnownFileType = sourcecode.swift; path = "NSColor+Dejal.swift"; sourceTree = "<group>"; };
		3D04F89F2CDEE720009493BF /* CAGradientLayer+Dejal.swift */ = {isa = PBXFileReference; lastKnownFileType = sourcecode.swift; path = "CAGradientLayer+Dejal.swift"; sourceTree = "<group>"; };
		3D04F8A12CDEE89D009493BF /* NSImage+Dejal.swift */ = {isa = PBXFileReference; lastKnownFileType = sourcecode.swift; path = "NSImage+Dejal.swift"; sourceTree = "<group>"; };
		3D04F8A32CDEEA40009493BF /* NSMenu+Dejal.swift */ = {isa = PBXFileReference; lastKnownFileType = sourcecode.swift; path = "NSMenu+Dejal.swift"; sourceTree = "<group>"; };
		3D04F8A52CDEEF4E009493BF /* NSSplitView+Dejal.swift */ = {isa = PBXFileReference; lastKnownFileType = sourcecode.swift; path = "NSSplitView+Dejal.swift"; sourceTree = "<group>"; };
		3D04F8AB2CDF2E51009493BF /* NSPopover+Dejal.swift */ = {isa = PBXFileReference; lastKnownFileType = sourcecode.swift; path = "NSPopover+Dejal.swift"; sourceTree = "<group>"; };
		3D04F8B02CDF66E7009493BF /* NSGestureRecognizer+Dejal.swift */ = {isa = PBXFileReference; lastKnownFileType = sourcecode.swift; path = "NSGestureRecognizer+Dejal.swift"; sourceTree = "<group>"; };
/* End PBXFileReference section */

/* Begin PBXFrameworksBuildPhase section */
		3D04F7292CDA0E09009493BF /* Frameworks */ = {
			isa = PBXFrameworksBuildPhase;
			buildActionMask = 2147483647;
			files = (
			);
			runOnlyForDeploymentPostprocessing = 0;
		};
/* End PBXFrameworksBuildPhase section */

/* Begin PBXGroup section */
		36EC0CB22CDB9284003EBAD5 /* macOScategory */ = {
			isa = PBXGroup;
			children = (
				36EC0CB52CDB9EA4003EBAD5 /* NSView+Dejal.swift */,
				3D04F7B32CDC8D2F009493BF /* NSTextField+Dejal.swift */,
				3D04F8622CDDAE09009493BF /* NSControl+Dejal.swift */,
				3D04F8A52CDEEF4E009493BF /* NSSplitView+Dejal.swift */,
				3D04F8A12CDEE89D009493BF /* NSImage+Dejal.swift */,
				3D04F8A32CDEEA40009493BF /* NSMenu+Dejal.swift */,
				3D04F8AB2CDF2E51009493BF /* NSPopover+Dejal.swift */,
				3D04F8B02CDF66E7009493BF /* NSGestureRecognizer+Dejal.swift */,
				36D89F9A2CE6457B00BD1A5D /* NSTextView+Dejal.swift */,
			);
			path = macOScategory;
			sourceTree = "<group>";
		};
		3D04F7232CDA0E09009493BF = {
			isa = PBXGroup;
			children = (
				3D04F7442CDA0E13009493BF /* TFYSwiftMacOSAppKit_Swift */,
				3D04F72D2CDA0E09009493BF /* Products */,
			);
			sourceTree = "<group>";
		};
		3D04F72D2CDA0E09009493BF /* Products */ = {
			isa = PBXGroup;
			children = (
				3D04F72C2CDA0E09009493BF /* TFYSwiftMacOSAppKit_Swift.app */,
			);
			name = Products;
			sourceTree = "<group>";
		};
		3D04F7442CDA0E13009493BF /* TFYSwiftMacOSAppKit_Swift */ = {
			isa = PBXGroup;
			children = (
				3D04F7492CDA0E2B009493BF /* TFYSwiftMacOSAppKit */,
				3D04F73E2CDA0E13009493BF /* AppDelegate.swift */,
				3D04F73F2CDA0E13009493BF /* Assets.xcassets */,
				3D04F7412CDA0E13009493BF /* Main.storyboard */,
				18A7E3142CE6FD640069739E /* TFYSwiftMacOSAppKit-Swift-Info.plist */,
				3D04F7422CDA0E13009493BF /* TFYSwiftMacOSAppKit_Swift.entitlements */,
				3D04F7432CDA0E13009493BF /* ViewController.swift */,
				3D04F8502CDCB66B009493BF /* TFYSwiftHomeController.swift */,
			);
			path = TFYSwiftMacOSAppKit_Swift;
			sourceTree = "<group>";
		};
		3D04F7492CDA0E2B009493BF /* TFYSwiftMacOSAppKit */ = {
			isa = PBXGroup;
			children = (
				36EC0CB22CDB9284003EBAD5 /* macOScategory */,
				3D04F7722CDB74FE009493BF /* macOSchain */,
				3D04F76A2CDB675E009493BF /* macOSfoundation */,
				3D04F74F2CDA0FAA009493BF /* macOScontainer */,
			);
			path = TFYSwiftMacOSAppKit;
			sourceTree = "<group>";
		};
		3D04F74E2CDA0FAA009493BF /* macOSUtils */ = {
			isa = PBXGroup;
			children = (
				36EC0CAC2CDA6513003EBAD5 /* TFYSwiftGCD.swift */,
				36EC0CAE2CDA6600003EBAD5 /* TFYSwiftTimer.swift */,
				36EC0CA62CDA5812003EBAD5 /* TFYSwiftUtils.swift */,
				3D04F7512CDA1020009493BF /* TFYSwiftTextFieldCell.swift */,
				3D04F7532CDA1275009493BF /* TFYSwiftSecureTextFieldCell.swift */,
				3D04F7552CDA131D009493BF /* TFYSwiftTextField.swift */,
				3D04F7572CDA2519009493BF /* TFYSwiftSecureTextField.swift */,
				3D04F7592CDA27B4009493BF /* TFYSwiftOpenPanel.swift */,
				36EC0C9D2CDA4627003EBAD5 /* TFYSwiftLabel.swift */,
				36EC0C9F2CDA4AE3003EBAD5 /* TFYSwiftButton.swift */,
				36EC0CA82CDA62D4003EBAD5 /* TFYSwiftJsonUtils.swift */,
				36EC0CAA2CDA6385003EBAD5 /* TFYSwiftAsynce.swift */,
				18A7E3162CE721830069739E /* TFYSwiftVPNManager.swift */,
			);
			path = macOSUtils;
			sourceTree = "<group>";
		};
		3D04F74F2CDA0FAA009493BF /* macOScontainer */ = {
			isa = PBXGroup;
			children = (
				3D04F75B2CDAEA2D009493BF /* macOSStatusItem */,
				3D04F74E2CDA0FAA009493BF /* macOSUtils */,
			);
			path = macOScontainer;
			sourceTree = "<group>";
		};
		3D04F75B2CDAEA2D009493BF /* macOSStatusItem */ = {
			isa = PBXGroup;
			children = (
				36EC0CB82CDCEAF0003EBAD5 /* TFYStatusItemContainerView.swift */,
				36EC0CBA2CDCEBE3003EBAD5 /* TFYStatusItemWindowConfiguration.swift */,
				36EC0CBC2CDCEF5E003EBAD5 /* TFYStatusItemWindowBackgroundView.swift */,
				36EC0CBE2CDCF032003EBAD5 /* TFYStatusItemWindow.swift */,
				36EC0CC22CDCF3B5003EBAD5 /* TFYStatusItemWindowController.swift */,
				36EC0CC42CDCF457003EBAD5 /* TFYStatusItem.swift */,
			);
			path = macOSStatusItem;
			sourceTree = "<group>";
		};
		3D04F76A2CDB675E009493BF /* macOSfoundation */ = {
			isa = PBXGroup;
			children = (
				3D04F76B2CDB67DB009493BF /* NSObject+Dejal.swift */,
				3D04F76F2CDB6DED009493BF /* NSString+Dejal.swift */,
				3D04F86A2CDE1AD5009493BF /* NSColor+Dejal.swift */,
				3D04F89F2CDEE720009493BF /* CAGradientLayer+Dejal.swift */,
			);
			path = macOSfoundation;
			sourceTree = "<group>";
		};
		3D04F7722CDB74FE009493BF /* macOSchain */ = {
			isa = PBXGroup;
			children = (
				3D04F8322CDCA3F4009493BF /* macOSBase */,
				3D04F82E2CDCA36E009493BF /* macOSCALayer */,
				3D04F82F2CDCA36E009493BF /* macOSGesture */,
				3D04F7FF2CDCA31F009493BF /* macOSView */,
			);
			path = macOSchain;
			sourceTree = "<group>";
		};
		3D04F7FF2CDCA31F009493BF /* macOSView */ = {
			isa = PBXGroup;
			children = (
				3D04F7D42CDCA31F009493BF /* TFYSwiftNSBox.swift */,
				3D04F7D52CDCA31F009493BF /* TFYSwiftNSBrowser.swift */,
				3D04F7D62CDCA31F009493BF /* TFYSwiftNSButton.swift */,
				3D04F7D72CDCA31F009493BF /* TFYSwiftNSClipView.swift */,
				3D04F7D82CDCA31F009493BF /* TFYSwiftNSCollectionView.swift */,
				3D04F7D92CDCA31F009493BF /* TFYSwiftNSColorWell.swift */,
				3D04F7DA2CDCA31F009493BF /* TFYSwiftNSComboBox.swift */,
				3D04F7DB2CDCA31F009493BF /* TFYSwiftNSComboButton.swift */,
				3D04F7DC2CDCA31F009493BF /* TFYSwiftNSControl.swift */,
				3D04F7DD2CDCA31F009493BF /* TFYSwiftNSDatePicker.swift */,
				3D04F7DE2CDCA31F009493BF /* TFYSwiftNSGridView.swift */,
				3D04F7DF2CDCA31F009493BF /* TFYSwiftNSImageView.swift */,
				3D04F7E02CDCA31F009493BF /* TFYSwiftNSLabel.swift */,
				3D04F7E12CDCA31F009493BF /* TFYSwiftNSLevelIndicator.swift */,
				3D04F7E22CDCA31F009493BF /* TFYSwiftNSMatrix.swift */,
				3D04F7E32CDCA31F009493BF /* TFYSwiftNSOutlineView.swift */,
				3D04F7E42CDCA31F009493BF /* TFYSwiftNSPathControl.swift */,
				3D04F7E52CDCA31F009493BF /* TFYSwiftNSPopUpButton.swift */,
				3D04F7E62CDCA31F009493BF /* TFYSwiftNSProgressIndicator.swift */,
				3D04F7E72CDCA31F009493BF /* TFYSwiftNSRuleEditor.swift */,
				3D04F7E82CDCA31F009493BF /* TFYSwiftNSRulerView.swift */,
				3D04F7E92CDCA31F009493BF /* TFYSwiftNSScroller.swift */,
				3D04F7EA2CDCA31F009493BF /* TFYSwiftNSScrollView.swift */,
				3D04F7EB2CDCA31F009493BF /* TFYSwiftNSScrubber.swift */,
				3D04F7EC2CDCA31F009493BF /* TFYSwiftNSSearchField.swift */,
				3D04F7ED2CDCA31F009493BF /* TFYSwiftNSSecureTextField.swift */,
				3D04F7EE2CDCA31F009493BF /* TFYSwiftNSSegmentedControl.swift */,
				3D04F7EF2CDCA31F009493BF /* TFYSwiftNSSlider.swift */,
				3D04F7F02CDCA31F009493BF /* TFYSwiftNSSplitView.swift */,
				3D04F7F12CDCA31F009493BF /* TFYSwiftNSStackView.swift */,
				3D04F7F22CDCA31F009493BF /* TFYSwiftNSStatusBarButton.swift */,
				3D04F7F32CDCA31F009493BF /* TFYSwiftNSStepper.swift */,
				3D04F7F42CDCA31F009493BF /* TFYSwiftNSSwitch.swift */,
				3D04F7F52CDCA31F009493BF /* TFYSwiftNSTableCellView.swift */,
				3D04F7F62CDCA31F009493BF /* TFYSwiftNSTableRowView.swift */,
				3D04F7F72CDCA31F009493BF /* TFYSwiftNSTableView.swift */,
				3D04F7F82CDCA31F009493BF /* TFYSwiftNSTabView.swift */,
				3D04F7F92CDCA31F009493BF /* TFYSwiftNSText.swift */,
				3D04F7FA2CDCA31F009493BF /* TFYSwiftNSTextField.swift */,
				3D04F7FB2CDCA31F009493BF /* TFYSwiftNSTextView.swift */,
				3D04F7FC2CDCA31F009493BF /* TFYSwiftNSTokenField.swift */,
				3D04F7FD2CDCA31F009493BF /* TFYSwiftNSView.swift */,
				3D04F7FE2CDCA31F009493BF /* TFYSwiftNSVisualEffectView.swift */,
			);
			path = macOSView;
			sourceTree = "<group>";
		};
		3D04F82E2CDCA36E009493BF /* macOSCALayer */ = {
			isa = PBXGroup;
			children = (
				3D04F83D2CDCA803009493BF /* TFYSwiftCALayer.swift */,
				3D04F83F2CDCADF9009493BF /* TFYSwiftCAEmitterLayer.swift */,
				3D04F8412CDCAF21009493BF /* TFYSwiftCAGradientLayer.swift */,
				3D04F8432CDCAF92009493BF /* TFYSwiftCAReplicatorLayer.swift */,
				3D04F8452CDCB048009493BF /* TFYSwiftCAScrollLayer.swift */,
				3D04F8472CDCB135009493BF /* TFYSwiftCAShapeLayer.swift */,
				3D04F8492CDCB269009493BF /* TFYSwiftCATextLayer.swift */,
				3D04F84B2CDCB324009493BF /* TFYSwiftCATiledLayer.swift */,
			);
			path = macOSCALayer;
			sourceTree = "<group>";
		};
		3D04F82F2CDCA36E009493BF /* macOSGesture */ = {
			isa = PBXGroup;
			children = (
				3D04F8302CDCA3A0009493BF /* TFYSwiftNSGestureRecognizer.swift */,
				3D04F8332CDCA5C9009493BF /* TFYSwiftNSPressGestureRecognizer.swift */,
				3D04F8352CDCA65A009493BF /* TFYSwiftNSPanGestureRecognizer.swift */,
				3D04F8372CDCA6F6009493BF /* TFYSwiftNSRotationGestureRecognizer.swift */,
				3D04F8392CDCA744009493BF /* TFYSwiftNSClickGestureRecognizer.swift */,
				3D04F83B2CDCA788009493BF /* TFYSwiftNSMagnificationGestureRecognizer.swift */,
			);
			path = macOSGesture;
			sourceTree = "<group>";
		};
		3D04F8322CDCA3F4009493BF /* macOSBase */ = {
			isa = PBXGroup;
			children = (
				3D04F7D12CDCA31F009493BF /* TFYSwiftChain.swift */,
				3D04F7D22CDCA31F009493BF /* TFYSwiftHasFont.swift */,
				3D04F7D32CDCA31F009493BF /* TFYSwiftHasText.swift */,
			);
			path = macOSBase;
			sourceTree = "<group>";
		};
/* End PBXGroup section */

/* Begin PBXNativeTarget section */
		3D04F72B2CDA0E09009493BF /* TFYSwiftMacOSAppKit_Swift */ = {
			isa = PBXNativeTarget;
			buildConfigurationList = 3D04F73B2CDA0E0A009493BF /* Build configuration list for PBXNativeTarget "TFYSwiftMacOSAppKit_Swift" */;
			buildPhases = (
				3D04F7282CDA0E09009493BF /* Sources */,
				3D04F7292CDA0E09009493BF /* Frameworks */,
				3D04F72A2CDA0E09009493BF /* Resources */,
			);
			buildRules = (
			);
			dependencies = (
			);
			name = TFYSwiftMacOSAppKit_Swift;
			packageProductDependencies = (
			);
			productName = TFYSwiftMacOSAppKit_Swift;
			productReference = 3D04F72C2CDA0E09009493BF /* TFYSwiftMacOSAppKit_Swift.app */;
			productType = "com.apple.product-type.application";
		};
/* End PBXNativeTarget section */

/* Begin PBXProject section */
		3D04F7242CDA0E09009493BF /* Project object */ = {
			isa = PBXProject;
			attributes = {
				BuildIndependentTargetsInParallel = 1;
				CLASSPREFIX = TFYSwift;
				LastSwiftUpdateCheck = 1610;
				LastUpgradeCheck = 1610;
				ORGANIZATIONNAME = TFYSwift;
				TargetAttributes = {
					3D04F72B2CDA0E09009493BF = {
						CreatedOnToolsVersion = 16.1;
					};
				};
			};
			buildConfigurationList = 3D04F7272CDA0E09009493BF /* Build configuration list for PBXProject "TFYSwiftMacOSAppKit_Swift" */;
			compatibilityVersion = "Xcode 14.0";
			developmentRegion = en;
			hasScannedForEncodings = 0;
			knownRegions = (
				en,
				Base,
			);
			mainGroup = 3D04F7232CDA0E09009493BF;
			minimizedProjectReferenceProxies = 1;
			productRefGroup = 3D04F72D2CDA0E09009493BF /* Products */;
			projectDirPath = "";
			projectRoot = "";
			targets = (
				3D04F72B2CDA0E09009493BF /* TFYSwiftMacOSAppKit_Swift */,
			);
		};
/* End PBXProject section */

/* Begin PBXResourcesBuildPhase section */
		3D04F72A2CDA0E09009493BF /* Resources */ = {
			isa = PBXResourcesBuildPhase;
			buildActionMask = 2147483647;
			files = (
				3D04F7472CDA0E13009493BF /* Assets.xcassets in Resources */,
				3D04F7482CDA0E13009493BF /* Main.storyboard in Resources */,
				18A7E3152CE6FD640069739E /* TFYSwiftMacOSAppKit-Swift-Info.plist in Resources */,
			);
			runOnlyForDeploymentPostprocessing = 0;
		};
/* End PBXResourcesBuildPhase section */

/* Begin PBXSourcesBuildPhase section */
		3D04F7282CDA0E09009493BF /* Sources */ = {
			isa = PBXSourcesBuildPhase;
			buildActionMask = 2147483647;
			files = (
				3D04F8442CDCAF92009493BF /* TFYSwiftCAReplicatorLayer.swift in Sources */,
				3D04F7542CDA1275009493BF /* TFYSwiftSecureTextFieldCell.swift in Sources */,
				3D04F83E2CDCA803009493BF /* TFYSwiftCALayer.swift in Sources */,
				36EC0CB62CDB9EA4003EBAD5 /* NSView+Dejal.swift in Sources */,
				3D04F7562CDA131D009493BF /* TFYSwiftTextField.swift in Sources */,
				3D04F76C2CDB67DB009493BF /* NSObject+Dejal.swift in Sources */,
				3D04F8002CDCA31F009493BF /* TFYSwiftChain.swift in Sources */,
				3D04F8012CDCA31F009493BF /* TFYSwiftNSScrollView.swift in Sources */,
				3D04F8022CDCA31F009493BF /* TFYSwiftNSComboBox.swift in Sources */,
				3D04F8402CDCADF9009493BF /* TFYSwiftCAEmitterLayer.swift in Sources */,
				3D04F8032CDCA31F009493BF /* TFYSwiftNSTableView.swift in Sources */,
				3D04F8042CDCA31F009493BF /* TFYSwiftHasFont.swift in Sources */,
				3D04F8052CDCA31F009493BF /* TFYSwiftNSOutlineView.swift in Sources */,
				3D04F8062CDCA31F009493BF /* TFYSwiftNSSegmentedControl.swift in Sources */,
				3D04F8072CDCA31F009493BF /* TFYSwiftNSPopUpButton.swift in Sources */,
				3D04F8082CDCA31F009493BF /* TFYSwiftNSBrowser.swift in Sources */,
				3D04F8342CDCA5C9009493BF /* TFYSwiftNSPressGestureRecognizer.swift in Sources */,
				3D04F8A22CDEE89D009493BF /* NSImage+Dejal.swift in Sources */,
				3D04F8092CDCA31F009493BF /* TFYSwiftNSDatePicker.swift in Sources */,
				3D04F80A2CDCA31F009493BF /* TFYSwiftNSPathControl.swift in Sources */,
				3D04F80B2CDCA31F009493BF /* TFYSwiftNSStepper.swift in Sources */,
				3D04F80C2CDCA31F009493BF /* TFYSwiftNSSplitView.swift in Sources */,
				3D04F80D2CDCA31F009493BF /* TFYSwiftNSSlider.swift in Sources */,
				3D04F80E2CDCA31F009493BF /* TFYSwiftNSView.swift in Sources */,
				3D04F8AC2CDF2E51009493BF /* NSPopover+Dejal.swift in Sources */,
				3D04F8A42CDEEA40009493BF /* NSMenu+Dejal.swift in Sources */,
				3D04F84A2CDCB269009493BF /* TFYSwiftCATextLayer.swift in Sources */,
				3D04F80F2CDCA31F009493BF /* TFYSwiftNSTextField.swift in Sources */,
				3D04F8102CDCA31F009493BF /* TFYSwiftNSColorWell.swift in Sources */,
				36D89F9B2CE6457B00BD1A5D /* NSTextView+Dejal.swift in Sources */,
				3D04F8112CDCA31F009493BF /* TFYSwiftNSStackView.swift in Sources */,
				3D04F8122CDCA31F009493BF /* TFYSwiftNSRulerView.swift in Sources */,
				3D04F8132CDCA31F009493BF /* TFYSwiftNSLevelIndicator.swift in Sources */,
				3D04F8142CDCA31F009493BF /* TFYSwiftNSControl.swift in Sources */,
				3D04F8152CDCA31F009493BF /* TFYSwiftNSText.swift in Sources */,
				3D04F8B12CDF66E7009493BF /* NSGestureRecognizer+Dejal.swift in Sources */,
				3D04F8162CDCA31F009493BF /* TFYSwiftNSRuleEditor.swift in Sources */,
				3D04F8172CDCA31F009493BF /* TFYSwiftNSBox.swift in Sources */,
				3D04F8182CDCA31F009493BF /* TFYSwiftNSTabView.swift in Sources */,
				3D04F8312CDCA3A0009493BF /* TFYSwiftNSGestureRecognizer.swift in Sources */,
				3D04F8192CDCA31F009493BF /* TFYSwiftNSTableRowView.swift in Sources */,
				3D04F81A2CDCA31F009493BF /* TFYSwiftNSProgressIndicator.swift in Sources */,
				36EC0CBF2CDCF032003EBAD5 /* TFYStatusItemWindow.swift in Sources */,
				3D04F81B2CDCA31F009493BF /* TFYSwiftNSSearchField.swift in Sources */,
				3D04F81C2CDCA31F009493BF /* TFYSwiftNSComboButton.swift in Sources */,
				3D04F86B2CDE1AD5009493BF /* NSColor+Dejal.swift in Sources */,
				3D04F81D2CDCA31F009493BF /* TFYSwiftNSTextView.swift in Sources */,
				3D04F83C2CDCA788009493BF /* TFYSwiftNSMagnificationGestureRecognizer.swift in Sources */,
				3D04F83A2CDCA744009493BF /* TFYSwiftNSClickGestureRecognizer.swift in Sources */,
				3D04F84C2CDCB324009493BF /* TFYSwiftCATiledLayer.swift in Sources */,
				3D04F81E2CDCA31F009493BF /* TFYSwiftNSCollectionView.swift in Sources */,
				3D04F81F2CDCA31F009493BF /* TFYSwiftNSImageView.swift in Sources */,
				36EC0CBD2CDCEF5E003EBAD5 /* TFYStatusItemWindowBackgroundView.swift in Sources */,
				3D04F8482CDCB135009493BF /* TFYSwiftCAShapeLayer.swift in Sources */,
				3D04F8202CDCA31F009493BF /* TFYSwiftNSButton.swift in Sources */,
				3D04F8212CDCA31F009493BF /* TFYSwiftNSLabel.swift in Sources */,
				3D04F8222CDCA31F009493BF /* TFYSwiftNSTokenField.swift in Sources */,
				3D04F8232CDCA31F009493BF /* TFYSwiftNSMatrix.swift in Sources */,
				3D04F8242CDCA31F009493BF /* TFYSwiftNSScroller.swift in Sources */,
				3D04F8252CDCA31F009493BF /* TFYSwiftHasText.swift in Sources */,
				36EC0CBB2CDCEBE3003EBAD5 /* TFYStatusItemWindowConfiguration.swift in Sources */,
				36EC0CC32CDCF3B5003EBAD5 /* TFYStatusItemWindowController.swift in Sources */,
				3D04F8422CDCAF21009493BF /* TFYSwiftCAGradientLayer.swift in Sources */,
				3D04F8262CDCA31F009493BF /* TFYSwiftNSTableCellView.swift in Sources */,
				3D04F8272CDCA31F009493BF /* TFYSwiftNSGridView.swift in Sources */,
				18A7E3172CE721830069739E /* TFYSwiftVPNManager.swift in Sources */,
				3D04F8282CDCA31F009493BF /* TFYSwiftNSScrubber.swift in Sources */,
				3D04F8292CDCA31F009493BF /* TFYSwiftNSSwitch.swift in Sources */,
				3D04F82A2CDCA31F009493BF /* TFYSwiftNSVisualEffectView.swift in Sources */,
				3D04F8362CDCA65A009493BF /* TFYSwiftNSPanGestureRecognizer.swift in Sources */,
				3D04F82B2CDCA31F009493BF /* TFYSwiftNSSecureTextField.swift in Sources */,
				3D04F82C2CDCA31F009493BF /* TFYSwiftNSClipView.swift in Sources */,
				3D04F82D2CDCA31F009493BF /* TFYSwiftNSStatusBarButton.swift in Sources */,
				3D04F8A02CDEE720009493BF /* CAGradientLayer+Dejal.swift in Sources */,
				3D04F8382CDCA6F6009493BF /* TFYSwiftNSRotationGestureRecognizer.swift in Sources */,
				3D04F7582CDA251A009493BF /* TFYSwiftSecureTextField.swift in Sources */,
				3D04F8632CDDAE09009493BF /* NSControl+Dejal.swift in Sources */,
				36EC0CC52CDCF457003EBAD5 /* TFYStatusItem.swift in Sources */,
				3D04F7452CDA0E13009493BF /* AppDelegate.swift in Sources */,
				3D04F7522CDA1020009493BF /* TFYSwiftTextFieldCell.swift in Sources */,
				36EC0CA02CDA4AE3003EBAD5 /* TFYSwiftButton.swift in Sources */,
				36EC0CAD2CDA6513003EBAD5 /* TFYSwiftGCD.swift in Sources */,
				3D04F7B42CDC8D2F009493BF /* NSTextField+Dejal.swift in Sources */,
				36EC0CB92CDCEAF0003EBAD5 /* TFYStatusItemContainerView.swift in Sources */,
				36EC0CAF2CDA6600003EBAD5 /* TFYSwiftTimer.swift in Sources */,
				3D04F7702CDB6DED009493BF /* NSString+Dejal.swift in Sources */,
				3D04F8512CDCB66B009493BF /* TFYSwiftHomeController.swift in Sources */,
				3D04F75A2CDA27B4009493BF /* TFYSwiftOpenPanel.swift in Sources */,
				36EC0CA72CDA5812003EBAD5 /* TFYSwiftUtils.swift in Sources */,
				36EC0C9E2CDA4627003EBAD5 /* TFYSwiftLabel.swift in Sources */,
				3D04F8462CDCB048009493BF /* TFYSwiftCAScrollLayer.swift in Sources */,
				3D04F7462CDA0E13009493BF /* ViewController.swift in Sources */,
				36EC0CAB2CDA6385003EBAD5 /* TFYSwiftAsynce.swift in Sources */,
				36EC0CA92CDA62D4003EBAD5 /* TFYSwiftJsonUtils.swift in Sources */,
				3D04F8A62CDEEF4E009493BF /* NSSplitView+Dejal.swift in Sources */,
			);
			runOnlyForDeploymentPostprocessing = 0;
		};
/* End PBXSourcesBuildPhase section */

/* Begin PBXVariantGroup section */
		3D04F7412CDA0E13009493BF /* Main.storyboard */ = {
			isa = PBXVariantGroup;
			children = (
				3D04F7402CDA0E13009493BF /* Base */,
			);
			name = Main.storyboard;
			sourceTree = "<group>";
		};
/* End PBXVariantGroup section */

/* Begin XCBuildConfiguration section */
		3D04F7392CDA0E0A009493BF /* Debug */ = {
			isa = XCBuildConfiguration;
			buildSettings = {
				ALWAYS_SEARCH_USER_PATHS = NO;
				ASSETCATALOG_COMPILER_GENERATE_SWIFT_ASSET_SYMBOL_EXTENSIONS = YES;
				CLANG_ANALYZER_NONNULL = YES;
				CLANG_ANALYZER_NUMBER_OBJECT_CONVERSION = YES_AGGRESSIVE;
				CLANG_CXX_LANGUAGE_STANDARD = "gnu++20";
				CLANG_ENABLE_MODULES = YES;
				CLANG_ENABLE_OBJC_ARC = YES;
				CLANG_ENABLE_OBJC_WEAK = YES;
				CLANG_WARN_BLOCK_CAPTURE_AUTORELEASING = YES;
				CLANG_WARN_BOOL_CONVERSION = YES;
				CLANG_WARN_COMMA = YES;
				CLANG_WARN_CONSTANT_CONVERSION = YES;
				CLANG_WARN_DEPRECATED_OBJC_IMPLEMENTATIONS = YES;
				CLANG_WARN_DIRECT_OBJC_ISA_USAGE = YES_ERROR;
				CLANG_WARN_DOCUMENTATION_COMMENTS = YES;
				CLANG_WARN_EMPTY_BODY = YES;
				CLANG_WARN_ENUM_CONVERSION = YES;
				CLANG_WARN_INFINITE_RECURSION = YES;
				CLANG_WARN_INT_CONVERSION = YES;
				CLANG_WARN_NON_LITERAL_NULL_CONVERSION = YES;
				CLANG_WARN_OBJC_IMPLICIT_RETAIN_SELF = YES;
				CLANG_WARN_OBJC_LITERAL_CONVERSION = YES;
				CLANG_WARN_OBJC_ROOT_CLASS = YES_ERROR;
				CLANG_WARN_QUOTED_INCLUDE_IN_FRAMEWORK_HEADER = YES;
				CLANG_WARN_RANGE_LOOP_ANALYSIS = YES;
				CLANG_WARN_STRICT_PROTOTYPES = YES;
				CLANG_WARN_SUSPICIOUS_MOVE = YES;
				CLANG_WARN_UNGUARDED_AVAILABILITY = YES_AGGRESSIVE;
				CLANG_WARN_UNREACHABLE_CODE = YES;
				CLANG_WARN__DUPLICATE_METHOD_MATCH = YES;
				COPY_PHASE_STRIP = NO;
				DEBUG_INFORMATION_FORMAT = dwarf;
				ENABLE_STRICT_OBJC_MSGSEND = YES;
				ENABLE_TESTABILITY = YES;
				ENABLE_USER_SCRIPT_SANDBOXING = YES;
				GCC_C_LANGUAGE_STANDARD = gnu17;
				GCC_DYNAMIC_NO_PIC = NO;
				GCC_NO_COMMON_BLOCKS = YES;
				GCC_OPTIMIZATION_LEVEL = 0;
				GCC_PREPROCESSOR_DEFINITIONS = (
					"DEBUG=1",
					"$(inherited)",
				);
				GCC_WARN_64_TO_32_BIT_CONVERSION = YES;
				GCC_WARN_ABOUT_RETURN_TYPE = YES_ERROR;
				GCC_WARN_UNDECLARED_SELECTOR = YES;
				GCC_WARN_UNINITIALIZED_AUTOS = YES_AGGRESSIVE;
				GCC_WARN_UNUSED_FUNCTION = YES;
				GCC_WARN_UNUSED_VARIABLE = YES;
				LOCALIZATION_PREFERS_STRING_CATALOGS = YES;
				MACOSX_DEPLOYMENT_TARGET = 15.1;
				MTL_ENABLE_DEBUG_INFO = INCLUDE_SOURCE;
				MTL_FAST_MATH = YES;
				ONLY_ACTIVE_ARCH = YES;
				SDKROOT = macosx;
				SWIFT_ACTIVE_COMPILATION_CONDITIONS = "DEBUG $(inherited)";
				SWIFT_OPTIMIZATION_LEVEL = "-Onone";
			};
			name = Debug;
		};
		3D04F73A2CDA0E0A009493BF /* Release */ = {
			isa = XCBuildConfiguration;
			buildSettings = {
				ALWAYS_SEARCH_USER_PATHS = NO;
				ASSETCATALOG_COMPILER_GENERATE_SWIFT_ASSET_SYMBOL_EXTENSIONS = YES;
				CLANG_ANALYZER_NONNULL = YES;
				CLANG_ANALYZER_NUMBER_OBJECT_CONVERSION = YES_AGGRESSIVE;
				CLANG_CXX_LANGUAGE_STANDARD = "gnu++20";
				CLANG_ENABLE_MODULES = YES;
				CLANG_ENABLE_OBJC_ARC = YES;
				CLANG_ENABLE_OBJC_WEAK = YES;
				CLANG_WARN_BLOCK_CAPTURE_AUTORELEASING = YES;
				CLANG_WARN_BOOL_CONVERSION = YES;
				CLANG_WARN_COMMA = YES;
				CLANG_WARN_CONSTANT_CONVERSION = YES;
				CLANG_WARN_DEPRECATED_OBJC_IMPLEMENTATIONS = YES;
				CLANG_WARN_DIRECT_OBJC_ISA_USAGE = YES_ERROR;
				CLANG_WARN_DOCUMENTATION_COMMENTS = YES;
				CLANG_WARN_EMPTY_BODY = YES;
				CLANG_WARN_ENUM_CONVERSION = YES;
				CLANG_WARN_INFINITE_RECURSION = YES;
				CLANG_WARN_INT_CONVERSION = YES;
				CLANG_WARN_NON_LITERAL_NULL_CONVERSION = YES;
				CLANG_WARN_OBJC_IMPLICIT_RETAIN_SELF = YES;
				CLANG_WARN_OBJC_LITERAL_CONVERSION = YES;
				CLANG_WARN_OBJC_ROOT_CLASS = YES_ERROR;
				CLANG_WARN_QUOTED_INCLUDE_IN_FRAMEWORK_HEADER = YES;
				CLANG_WARN_RANGE_LOOP_ANALYSIS = YES;
				CLANG_WARN_STRICT_PROTOTYPES = YES;
				CLANG_WARN_SUSPICIOUS_MOVE = YES;
				CLANG_WARN_UNGUARDED_AVAILABILITY = YES_AGGRESSIVE;
				CLANG_WARN_UNREACHABLE_CODE = YES;
				CLANG_WARN__DUPLICATE_METHOD_MATCH = YES;
				COPY_PHASE_STRIP = NO;
				DEBUG_INFORMATION_FORMAT = "dwarf-with-dsym";
				ENABLE_NS_ASSERTIONS = NO;
				ENABLE_STRICT_OBJC_MSGSEND = YES;
				ENABLE_USER_SCRIPT_SANDBOXING = YES;
				GCC_C_LANGUAGE_STANDARD = gnu17;
				GCC_NO_COMMON_BLOCKS = YES;
				GCC_WARN_64_TO_32_BIT_CONVERSION = YES;
				GCC_WARN_ABOUT_RETURN_TYPE = YES_ERROR;
				GCC_WARN_UNDECLARED_SELECTOR = YES;
				GCC_WARN_UNINITIALIZED_AUTOS = YES_AGGRESSIVE;
				GCC_WARN_UNUSED_FUNCTION = YES;
				GCC_WARN_UNUSED_VARIABLE = YES;
				LOCALIZATION_PREFERS_STRING_CATALOGS = YES;
				MACOSX_DEPLOYMENT_TARGET = 15.1;
				MTL_ENABLE_DEBUG_INFO = NO;
				MTL_FAST_MATH = YES;
				SDKROOT = macosx;
				SWIFT_COMPILATION_MODE = wholemodule;
			};
			name = Release;
		};
		3D04F73C2CDA0E0A009493BF /* Debug */ = {
			isa = XCBuildConfiguration;
			buildSettings = {
				ASSETCATALOG_COMPILER_APPICON_NAME = AppIcon;
				ASSETCATALOG_COMPILER_GLOBAL_ACCENT_COLOR_NAME = AccentColor;
				CODE_SIGN_ENTITLEMENTS = TFYSwiftMacOSAppKit_Swift/TFYSwiftMacOSAppKit_Swift.entitlements;
				CODE_SIGN_STYLE = Automatic;
				COMBINE_HIDPI_IMAGES = YES;
				CURRENT_PROJECT_VERSION = 1.0.0;
				DEVELOPMENT_TEAM = QH95759TSS;
				ENABLE_HARDENED_RUNTIME = YES;
				GENERATE_INFOPLIST_FILE = YES;
				INFOPLIST_FILE = "TFYSwiftMacOSAppKit-Swift-Info.plist";
				INFOPLIST_KEY_CFBundleDisplayName = "swift链接";
				INFOPLIST_KEY_NSHumanReadableCopyright = "";
				INFOPLIST_KEY_NSMainStoryboardFile = Main;
				INFOPLIST_KEY_NSPrincipalClass = NSApplication;
				LD_RUNPATH_SEARCH_PATHS = (
					"$(inherited)",
					"@executable_path/../Frameworks",
				);
				MACOSX_DEPLOYMENT_TARGET = 12.4;
				MARKETING_VERSION = 1.0.0;
				PRODUCT_BUNDLE_IDENTIFIER = "com.TFYSwiftMacOSAppKit-Swift";
				PRODUCT_NAME = "$(TARGET_NAME)";
				SWIFT_EMIT_LOC_STRINGS = YES;
				SWIFT_VERSION = 5.0;
			};
			name = Debug;
		};
		3D04F73D2CDA0E0A009493BF /* Release */ = {
			isa = XCBuildConfiguration;
			buildSettings = {
				ASSETCATALOG_COMPILER_APPICON_NAME = AppIcon;
				ASSETCATALOG_COMPILER_GLOBAL_ACCENT_COLOR_NAME = AccentColor;
				CODE_SIGN_ENTITLEMENTS = TFYSwiftMacOSAppKit_Swift/TFYSwiftMacOSAppKit_Swift.entitlements;
				CODE_SIGN_STYLE = Automatic;
				COMBINE_HIDPI_IMAGES = YES;
				CURRENT_PROJECT_VERSION = 1.0.0;
				DEVELOPMENT_TEAM = QH95759TSS;
				ENABLE_HARDENED_RUNTIME = YES;
				GENERATE_INFOPLIST_FILE = YES;
				INFOPLIST_FILE = "TFYSwiftMacOSAppKit-Swift-Info.plist";
				INFOPLIST_KEY_CFBundleDisplayName = "swift链接";
				INFOPLIST_KEY_NSHumanReadableCopyright = "";
				INFOPLIST_KEY_NSMainStoryboardFile = Main;
				INFOPLIST_KEY_NSPrincipalClass = NSApplication;
				LD_RUNPATH_SEARCH_PATHS = (
					"$(inherited)",
					"@executable_path/../Frameworks",
				);
				MACOSX_DEPLOYMENT_TARGET = 12.4;
				MARKETING_VERSION = 1.0.0;
				PRODUCT_BUNDLE_IDENTIFIER = "com.TFYSwiftMacOSAppKit-Swift";
				PRODUCT_NAME = "$(TARGET_NAME)";
				SWIFT_EMIT_LOC_STRINGS = YES;
				SWIFT_VERSION = 5.0;
			};
			name = Release;
		};
/* End XCBuildConfiguration section */

/* Begin XCConfigurationList section */
		3D04F7272CDA0E09009493BF /* Build configuration list for PBXProject "TFYSwiftMacOSAppKit_Swift" */ = {
			isa = XCConfigurationList;
			buildConfigurations = (
				3D04F7392CDA0E0A009493BF /* Debug */,
				3D04F73A2CDA0E0A009493BF /* Release */,
			);
			defaultConfigurationIsVisible = 0;
			defaultConfigurationName = Release;
		};
		3D04F73B2CDA0E0A009493BF /* Build configuration list for PBXNativeTarget "TFYSwiftMacOSAppKit_Swift" */ = {
			isa = XCConfigurationList;
			buildConfigurations = (
				3D04F73C2CDA0E0A009493BF /* Debug */,
				3D04F73D2CDA0E0A009493BF /* Release */,
			);
			defaultConfigurationIsVisible = 0;
			defaultConfigurationName = Release;
		};
/* End XCConfigurationList section */
	};
	rootObject = 3D04F7242CDA0E09009493BF /* Project object */;
}
