// !$*UTF8*$!
{
	archiveVersion = 1;
	classes = {
	};
	objectVersion = 63;
	objects = {

/* Begin PBXBuildFile section */
		36EC0C9E2CDA4627003EBAD5 /* TFYSwiftLabel.swift in Sources */ = {isa = PBXBuildFile; fileRef = 36EC0C9D2CDA4627003EBAD5 /* TFYSwiftLabel.swift */; };
		36EC0CA02CDA4AE3003EBAD5 /* TFYSwiftButton.swift in Sources */ = {isa = PBXBuildFile; fileRef = 36EC0C9F2CDA4AE3003EBAD5 /* TFYSwiftButton.swift */; };
		36EC0CA72CDA5812003EBAD5 /* TFYSwiftUtils.swift in Sources */ = {isa = PBXBuildFile; fileRef = 36EC0CA62CDA5812003EBAD5 /* TFYSwiftUtils.swift */; };
		36EC0CA92CDA62D4003EBAD5 /* TFYSwiftJsonUtils.swift in Sources */ = {isa = PBXBuildFile; fileRef = 36EC0CA82CDA62D4003EBAD5 /* TFYSwiftJsonUtils.swift */; };
		36EC0CAB2CDA6385003EBAD5 /* TFYSwiftAsynce.swift in Sources */ = {isa = PBXBuildFile; fileRef = 36EC0CAA2CDA6385003EBAD5 /* TFYSwiftAsynce.swift */; };
		36EC0CAD2CDA6513003EBAD5 /* TFYSwiftGCD.swift in Sources */ = {isa = PBXBuildFile; fileRef = 36EC0CAC2CDA6513003EBAD5 /* TFYSwiftGCD.swift */; };
		36EC0CAF2CDA6600003EBAD5 /* TFYSwiftTimer.swift in Sources */ = {isa = PBXBuildFile; fileRef = 36EC0CAE2CDA6600003EBAD5 /* TFYSwiftTimer.swift */; };
		3D04F7452CDA0E13009493BF /* AppDelegate.swift in Sources */ = {isa = PBXBuildFile; fileRef = 3D04F73E2CDA0E13009493BF /* AppDelegate.swift */; };
		3D04F7462CDA0E13009493BF /* ViewController.swift in Sources */ = {isa = PBXBuildFile; fileRef = 3D04F7432CDA0E13009493BF /* ViewController.swift */; };
		3D04F7472CDA0E13009493BF /* Assets.xcassets in Resources */ = {isa = PBXBuildFile; fileRef = 3D04F73F2CDA0E13009493BF /* Assets.xcassets */; };
		3D04F7482CDA0E13009493BF /* Main.storyboard in Resources */ = {isa = PBXBuildFile; fileRef = 3D04F7412CDA0E13009493BF /* Main.storyboard */; };
		3D04F7522CDA1020009493BF /* TFYSwiftTextFieldCell.swift in Sources */ = {isa = PBXBuildFile; fileRef = 3D04F7512CDA1020009493BF /* TFYSwiftTextFieldCell.swift */; };
		3D04F7542CDA1275009493BF /* TFYSwiftSecureTextFieldCell.swift in Sources */ = {isa = PBXBuildFile; fileRef = 3D04F7532CDA1275009493BF /* TFYSwiftSecureTextFieldCell.swift */; };
		3D04F7562CDA131D009493BF /* TFYSwiftTextField.swift in Sources */ = {isa = PBXBuildFile; fileRef = 3D04F7552CDA131D009493BF /* TFYSwiftTextField.swift */; };
		3D04F7582CDA251A009493BF /* TFYSwiftSecureTextField.swift in Sources */ = {isa = PBXBuildFile; fileRef = 3D04F7572CDA2519009493BF /* TFYSwiftSecureTextField.swift */; };
		3D04F75A2CDA27B4009493BF /* TFYSwiftOpenPanel.swift in Sources */ = {isa = PBXBuildFile; fileRef = 3D04F7592CDA27B4009493BF /* TFYSwiftOpenPanel.swift */; };
/* End PBXBuildFile section */

/* Begin PBXFileReference section */
		36EC0C9D2CDA4627003EBAD5 /* TFYSwiftLabel.swift */ = {isa = PBXFileReference; lastKnownFileType = sourcecode.swift; path = TFYSwiftLabel.swift; sourceTree = "<group>"; };
		36EC0C9F2CDA4AE3003EBAD5 /* TFYSwiftButton.swift */ = {isa = PBXFileReference; lastKnownFileType = sourcecode.swift; path = TFYSwiftButton.swift; sourceTree = "<group>"; };
		36EC0CA62CDA5812003EBAD5 /* TFYSwiftUtils.swift */ = {isa = PBXFileReference; lastKnownFileType = sourcecode.swift; path = TFYSwiftUtils.swift; sourceTree = "<group>"; };
		36EC0CA82CDA62D4003EBAD5 /* TFYSwiftJsonUtils.swift */ = {isa = PBXFileReference; lastKnownFileType = sourcecode.swift; path = TFYSwiftJsonUtils.swift; sourceTree = "<group>"; };
		36EC0CAA2CDA6385003EBAD5 /* TFYSwiftAsynce.swift */ = {isa = PBXFileReference; lastKnownFileType = sourcecode.swift; path = TFYSwiftAsynce.swift; sourceTree = "<group>"; };
		36EC0CAC2CDA6513003EBAD5 /* TFYSwiftGCD.swift */ = {isa = PBXFileReference; lastKnownFileType = sourcecode.swift; path = TFYSwiftGCD.swift; sourceTree = "<group>"; };
		36EC0CAE2CDA6600003EBAD5 /* TFYSwiftTimer.swift */ = {isa = PBXFileReference; lastKnownFileType = sourcecode.swift; path = TFYSwiftTimer.swift; sourceTree = "<group>"; };
		3D04F72C2CDA0E09009493BF /* TFYSwiftMacOSAppKit_Swift.app */ = {isa = PBXFileReference; explicitFileType = wrapper.application; includeInIndex = 0; path = TFYSwiftMacOSAppKit_Swift.app; sourceTree = BUILT_PRODUCTS_DIR; };
		3D04F73E2CDA0E13009493BF /* AppDelegate.swift */ = {isa = PBXFileReference; lastKnownFileType = sourcecode.swift; path = AppDelegate.swift; sourceTree = "<group>"; };
		3D04F73F2CDA0E13009493BF /* Assets.xcassets */ = {isa = PBXFileReference; lastKnownFileType = folder.assetcatalog; path = Assets.xcassets; sourceTree = "<group>"; };
		3D04F7402CDA0E13009493BF /* Base */ = {isa = PBXFileReference; lastKnownFileType = file.storyboard; name = Base; path = Base.lproj/Main.storyboard; sourceTree = "<group>"; };
		3D04F7422CDA0E13009493BF /* TFYSwiftMacOSAppKit_Swift.entitlements */ = {isa = PBXFileReference; lastKnownFileType = text.plist.entitlements; path = TFYSwiftMacOSAppKit_Swift.entitlements; sourceTree = "<group>"; };
		3D04F7432CDA0E13009493BF /* ViewController.swift */ = {isa = PBXFileReference; lastKnownFileType = sourcecode.swift; path = ViewController.swift; sourceTree = "<group>"; };
		3D04F7512CDA1020009493BF /* TFYSwiftTextFieldCell.swift */ = {isa = PBXFileReference; lastKnownFileType = sourcecode.swift; path = TFYSwiftTextFieldCell.swift; sourceTree = "<group>"; };
		3D04F7532CDA1275009493BF /* TFYSwiftSecureTextFieldCell.swift */ = {isa = PBXFileReference; lastKnownFileType = sourcecode.swift; path = TFYSwiftSecureTextFieldCell.swift; sourceTree = "<group>"; };
		3D04F7552CDA131D009493BF /* TFYSwiftTextField.swift */ = {isa = PBXFileReference; lastKnownFileType = sourcecode.swift; path = TFYSwiftTextField.swift; sourceTree = "<group>"; };
		3D04F7572CDA2519009493BF /* TFYSwiftSecureTextField.swift */ = {isa = PBXFileReference; lastKnownFileType = sourcecode.swift; path = TFYSwiftSecureTextField.swift; sourceTree = "<group>"; };
		3D04F7592CDA27B4009493BF /* TFYSwiftOpenPanel.swift */ = {isa = PBXFileReference; lastKnownFileType = sourcecode.swift; path = TFYSwiftOpenPanel.swift; sourceTree = "<group>"; };
/* End PBXFileReference section */

/* Begin PBXFrameworksBuildPhase section */
		3D04F7292CDA0E09009493BF /* Frameworks */ = {
			isa = PBXFrameworksBuildPhase;
			buildActionMask = 2147483647;
			files = (
			);
			runOnlyForDeploymentPostprocessing = 0;
		};
/* End PBXFrameworksBuildPhase section */

/* Begin PBXGroup section */
		36EC0CA32CDA55F2003EBAD5 /* macOSGcd */ = {
			isa = PBXGroup;
			children = (
				36EC0CAC2CDA6513003EBAD5 /* TFYSwiftGCD.swift */,
				36EC0CAE2CDA6600003EBAD5 /* TFYSwiftTimer.swift */,
			);
			path = macOSGcd;
			sourceTree = "<group>";
		};
		3D04F7232CDA0E09009493BF = {
			isa = PBXGroup;
			children = (
				3D04F7442CDA0E13009493BF /* TFYSwiftMacOSAppKit_Swift */,
				3D04F72D2CDA0E09009493BF /* Products */,
			);
			sourceTree = "<group>";
		};
		3D04F72D2CDA0E09009493BF /* Products */ = {
			isa = PBXGroup;
			children = (
				3D04F72C2CDA0E09009493BF /* TFYSwiftMacOSAppKit_Swift.app */,
			);
			name = Products;
			sourceTree = "<group>";
		};
		3D04F7442CDA0E13009493BF /* TFYSwiftMacOSAppKit_Swift */ = {
			isa = PBXGroup;
			children = (
				3D04F7492CDA0E2B009493BF /* TFYSwiftMacOSAppKit */,
				3D04F73E2CDA0E13009493BF /* AppDelegate.swift */,
				3D04F73F2CDA0E13009493BF /* Assets.xcassets */,
				3D04F7412CDA0E13009493BF /* Main.storyboard */,
				3D04F7422CDA0E13009493BF /* TFYSwiftMacOSAppKit_Swift.entitlements */,
				3D04F7432CDA0E13009493BF /* ViewController.swift */,
			);
			path = TFYSwiftMacOSAppKit_Swift;
			sourceTree = "<group>";
		};
		3D04F7492CDA0E2B009493BF /* TFYSwiftMacOSAppKit */ = {
			isa = PBXGroup;
			children = (
				3D04F74F2CDA0FAA009493BF /* macOScontainer */,
			);
			path = TFYSwiftMacOSAppKit;
			sourceTree = "<group>";
		};
		3D04F74E2CDA0FAA009493BF /* macOSUtils */ = {
			isa = PBXGroup;
			children = (
				36EC0CA62CDA5812003EBAD5 /* TFYSwiftUtils.swift */,
				3D04F7512CDA1020009493BF /* TFYSwiftTextFieldCell.swift */,
				3D04F7532CDA1275009493BF /* TFYSwiftSecureTextFieldCell.swift */,
				3D04F7552CDA131D009493BF /* TFYSwiftTextField.swift */,
				3D04F7572CDA2519009493BF /* TFYSwiftSecureTextField.swift */,
				3D04F7592CDA27B4009493BF /* TFYSwiftOpenPanel.swift */,
				36EC0C9D2CDA4627003EBAD5 /* TFYSwiftLabel.swift */,
				36EC0C9F2CDA4AE3003EBAD5 /* TFYSwiftButton.swift */,
				36EC0CA82CDA62D4003EBAD5 /* TFYSwiftJsonUtils.swift */,
				36EC0CAA2CDA6385003EBAD5 /* TFYSwiftAsynce.swift */,
			);
			path = macOSUtils;
			sourceTree = "<group>";
		};
		3D04F74F2CDA0FAA009493BF /* macOScontainer */ = {
			isa = PBXGroup;
			children = (
				36EC0CA32CDA55F2003EBAD5 /* macOSGcd */,
				3D04F74E2CDA0FAA009493BF /* macOSUtils */,
			);
			path = macOScontainer;
			sourceTree = "<group>";
		};
/* End PBXGroup section */

/* Begin PBXNativeTarget section */
		3D04F72B2CDA0E09009493BF /* TFYSwiftMacOSAppKit_Swift */ = {
			isa = PBXNativeTarget;
			buildConfigurationList = 3D04F73B2CDA0E0A009493BF /* Build configuration list for PBXNativeTarget "TFYSwiftMacOSAppKit_Swift" */;
			buildPhases = (
				3D04F7282CDA0E09009493BF /* Sources */,
				3D04F7292CDA0E09009493BF /* Frameworks */,
				3D04F72A2CDA0E09009493BF /* Resources */,
			);
			buildRules = (
			);
			dependencies = (
			);
			name = TFYSwiftMacOSAppKit_Swift;
			packageProductDependencies = (
			);
			productName = TFYSwiftMacOSAppKit_Swift;
			productReference = 3D04F72C2CDA0E09009493BF /* TFYSwiftMacOSAppKit_Swift.app */;
			productType = "com.apple.product-type.application";
		};
/* End PBXNativeTarget section */

/* Begin PBXProject section */
		3D04F7242CDA0E09009493BF /* Project object */ = {
			isa = PBXProject;
			attributes = {
				BuildIndependentTargetsInParallel = 1;
				CLASSPREFIX = TFYSwift;
				LastSwiftUpdateCheck = 1610;
				LastUpgradeCheck = 1610;
				ORGANIZATIONNAME = TFYSwift;
				TargetAttributes = {
					3D04F72B2CDA0E09009493BF = {
						CreatedOnToolsVersion = 16.1;
					};
				};
			};
			buildConfigurationList = 3D04F7272CDA0E09009493BF /* Build configuration list for PBXProject "TFYSwiftMacOSAppKit_Swift" */;
			compatibilityVersion = "Xcode 14.0";
			developmentRegion = en;
			hasScannedForEncodings = 0;
			knownRegions = (
				en,
				Base,
			);
			mainGroup = 3D04F7232CDA0E09009493BF;
			minimizedProjectReferenceProxies = 1;
			productRefGroup = 3D04F72D2CDA0E09009493BF /* Products */;
			projectDirPath = "";
			projectRoot = "";
			targets = (
				3D04F72B2CDA0E09009493BF /* TFYSwiftMacOSAppKit_Swift */,
			);
		};
/* End PBXProject section */

/* Begin PBXResourcesBuildPhase section */
		3D04F72A2CDA0E09009493BF /* Resources */ = {
			isa = PBXResourcesBuildPhase;
			buildActionMask = 2147483647;
			files = (
				3D04F7472CDA0E13009493BF /* Assets.xcassets in Resources */,
				3D04F7482CDA0E13009493BF /* Main.storyboard in Resources */,
			);
			runOnlyForDeploymentPostprocessing = 0;
		};
/* End PBXResourcesBuildPhase section */

/* Begin PBXSourcesBuildPhase section */
		3D04F7282CDA0E09009493BF /* Sources */ = {
			isa = PBXSourcesBuildPhase;
			buildActionMask = 2147483647;
			files = (
				3D04F7542CDA1275009493BF /* TFYSwiftSecureTextFieldCell.swift in Sources */,
				3D04F7562CDA131D009493BF /* TFYSwiftTextField.swift in Sources */,
				3D04F7582CDA251A009493BF /* TFYSwiftSecureTextField.swift in Sources */,
				3D04F7452CDA0E13009493BF /* AppDelegate.swift in Sources */,
				3D04F7522CDA1020009493BF /* TFYSwiftTextFieldCell.swift in Sources */,
				36EC0CA02CDA4AE3003EBAD5 /* TFYSwiftButton.swift in Sources */,
				36EC0CAD2CDA6513003EBAD5 /* TFYSwiftGCD.swift in Sources */,
				36EC0CAF2CDA6600003EBAD5 /* TFYSwiftTimer.swift in Sources */,
				3D04F75A2CDA27B4009493BF /* TFYSwiftOpenPanel.swift in Sources */,
				36EC0CA72CDA5812003EBAD5 /* TFYSwiftUtils.swift in Sources */,
				36EC0C9E2CDA4627003EBAD5 /* TFYSwiftLabel.swift in Sources */,
				3D04F7462CDA0E13009493BF /* ViewController.swift in Sources */,
				36EC0CAB2CDA6385003EBAD5 /* TFYSwiftAsynce.swift in Sources */,
				36EC0CA92CDA62D4003EBAD5 /* TFYSwiftJsonUtils.swift in Sources */,
			);
			runOnlyForDeploymentPostprocessing = 0;
		};
/* End PBXSourcesBuildPhase section */

/* Begin PBXVariantGroup section */
		3D04F7412CDA0E13009493BF /* Main.storyboard */ = {
			isa = PBXVariantGroup;
			children = (
				3D04F7402CDA0E13009493BF /* Base */,
			);
			name = Main.storyboard;
			sourceTree = "<group>";
		};
/* End PBXVariantGroup section */

/* Begin XCBuildConfiguration section */
		3D04F7392CDA0E0A009493BF /* Debug */ = {
			isa = XCBuildConfiguration;
			buildSettings = {
				ALWAYS_SEARCH_USER_PATHS = NO;
				ASSETCATALOG_COMPILER_GENERATE_SWIFT_ASSET_SYMBOL_EXTENSIONS = YES;
				CLANG_ANALYZER_NONNULL = YES;
				CLANG_ANALYZER_NUMBER_OBJECT_CONVERSION = YES_AGGRESSIVE;
				CLANG_CXX_LANGUAGE_STANDARD = "gnu++20";
				CLANG_ENABLE_MODULES = YES;
				CLANG_ENABLE_OBJC_ARC = YES;
				CLANG_ENABLE_OBJC_WEAK = YES;
				CLANG_WARN_BLOCK_CAPTURE_AUTORELEASING = YES;
				CLANG_WARN_BOOL_CONVERSION = YES;
				CLANG_WARN_COMMA = YES;
				CLANG_WARN_CONSTANT_CONVERSION = YES;
				CLANG_WARN_DEPRECATED_OBJC_IMPLEMENTATIONS = YES;
				CLANG_WARN_DIRECT_OBJC_ISA_USAGE = YES_ERROR;
				CLANG_WARN_DOCUMENTATION_COMMENTS = YES;
				CLANG_WARN_EMPTY_BODY = YES;
				CLANG_WARN_ENUM_CONVERSION = YES;
				CLANG_WARN_INFINITE_RECURSION = YES;
				CLANG_WARN_INT_CONVERSION = YES;
				CLANG_WARN_NON_LITERAL_NULL_CONVERSION = YES;
				CLANG_WARN_OBJC_IMPLICIT_RETAIN_SELF = YES;
				CLANG_WARN_OBJC_LITERAL_CONVERSION = YES;
				CLANG_WARN_OBJC_ROOT_CLASS = YES_ERROR;
				CLANG_WARN_QUOTED_INCLUDE_IN_FRAMEWORK_HEADER = YES;
				CLANG_WARN_RANGE_LOOP_ANALYSIS = YES;
				CLANG_WARN_STRICT_PROTOTYPES = YES;
				CLANG_WARN_SUSPICIOUS_MOVE = YES;
				CLANG_WARN_UNGUARDED_AVAILABILITY = YES_AGGRESSIVE;
				CLANG_WARN_UNREACHABLE_CODE = YES;
				CLANG_WARN__DUPLICATE_METHOD_MATCH = YES;
				COPY_PHASE_STRIP = NO;
				DEBUG_INFORMATION_FORMAT = dwarf;
				ENABLE_STRICT_OBJC_MSGSEND = YES;
				ENABLE_TESTABILITY = YES;
				ENABLE_USER_SCRIPT_SANDBOXING = YES;
				GCC_C_LANGUAGE_STANDARD = gnu17;
				GCC_DYNAMIC_NO_PIC = NO;
				GCC_NO_COMMON_BLOCKS = YES;
				GCC_OPTIMIZATION_LEVEL = 0;
				GCC_PREPROCESSOR_DEFINITIONS = (
					"DEBUG=1",
					"$(inherited)",
				);
				GCC_WARN_64_TO_32_BIT_CONVERSION = YES;
				GCC_WARN_ABOUT_RETURN_TYPE = YES_ERROR;
				GCC_WARN_UNDECLARED_SELECTOR = YES;
				GCC_WARN_UNINITIALIZED_AUTOS = YES_AGGRESSIVE;
				GCC_WARN_UNUSED_FUNCTION = YES;
				GCC_WARN_UNUSED_VARIABLE = YES;
				LOCALIZATION_PREFERS_STRING_CATALOGS = YES;
				MACOSX_DEPLOYMENT_TARGET = 15.1;
				MTL_ENABLE_DEBUG_INFO = INCLUDE_SOURCE;
				MTL_FAST_MATH = YES;
				ONLY_ACTIVE_ARCH = YES;
				SDKROOT = macosx;
				SWIFT_ACTIVE_COMPILATION_CONDITIONS = "DEBUG $(inherited)";
				SWIFT_OPTIMIZATION_LEVEL = "-Onone";
			};
			name = Debug;
		};
		3D04F73A2CDA0E0A009493BF /* Release */ = {
			isa = XCBuildConfiguration;
			buildSettings = {
				ALWAYS_SEARCH_USER_PATHS = NO;
				ASSETCATALOG_COMPILER_GENERATE_SWIFT_ASSET_SYMBOL_EXTENSIONS = YES;
				CLANG_ANALYZER_NONNULL = YES;
				CLANG_ANALYZER_NUMBER_OBJECT_CONVERSION = YES_AGGRESSIVE;
				CLANG_CXX_LANGUAGE_STANDARD = "gnu++20";
				CLANG_ENABLE_MODULES = YES;
				CLANG_ENABLE_OBJC_ARC = YES;
				CLANG_ENABLE_OBJC_WEAK = YES;
				CLANG_WARN_BLOCK_CAPTURE_AUTORELEASING = YES;
				CLANG_WARN_BOOL_CONVERSION = YES;
				CLANG_WARN_COMMA = YES;
				CLANG_WARN_CONSTANT_CONVERSION = YES;
				CLANG_WARN_DEPRECATED_OBJC_IMPLEMENTATIONS = YES;
				CLANG_WARN_DIRECT_OBJC_ISA_USAGE = YES_ERROR;
				CLANG_WARN_DOCUMENTATION_COMMENTS = YES;
				CLANG_WARN_EMPTY_BODY = YES;
				CLANG_WARN_ENUM_CONVERSION = YES;
				CLANG_WARN_INFINITE_RECURSION = YES;
				CLANG_WARN_INT_CONVERSION = YES;
				CLANG_WARN_NON_LITERAL_NULL_CONVERSION = YES;
				CLANG_WARN_OBJC_IMPLICIT_RETAIN_SELF = YES;
				CLANG_WARN_OBJC_LITERAL_CONVERSION = YES;
				CLANG_WARN_OBJC_ROOT_CLASS = YES_ERROR;
				CLANG_WARN_QUOTED_INCLUDE_IN_FRAMEWORK_HEADER = YES;
				CLANG_WARN_RANGE_LOOP_ANALYSIS = YES;
				CLANG_WARN_STRICT_PROTOTYPES = YES;
				CLANG_WARN_SUSPICIOUS_MOVE = YES;
				CLANG_WARN_UNGUARDED_AVAILABILITY = YES_AGGRESSIVE;
				CLANG_WARN_UNREACHABLE_CODE = YES;
				CLANG_WARN__DUPLICATE_METHOD_MATCH = YES;
				COPY_PHASE_STRIP = NO;
				DEBUG_INFORMATION_FORMAT = "dwarf-with-dsym";
				ENABLE_NS_ASSERTIONS = NO;
				ENABLE_STRICT_OBJC_MSGSEND = YES;
				ENABLE_USER_SCRIPT_SANDBOXING = YES;
				GCC_C_LANGUAGE_STANDARD = gnu17;
				GCC_NO_COMMON_BLOCKS = YES;
				GCC_WARN_64_TO_32_BIT_CONVERSION = YES;
				GCC_WARN_ABOUT_RETURN_TYPE = YES_ERROR;
				GCC_WARN_UNDECLARED_SELECTOR = YES;
				GCC_WARN_UNINITIALIZED_AUTOS = YES_AGGRESSIVE;
				GCC_WARN_UNUSED_FUNCTION = YES;
				GCC_WARN_UNUSED_VARIABLE = YES;
				LOCALIZATION_PREFERS_STRING_CATALOGS = YES;
				MACOSX_DEPLOYMENT_TARGET = 15.1;
				MTL_ENABLE_DEBUG_INFO = NO;
				MTL_FAST_MATH = YES;
				SDKROOT = macosx;
				SWIFT_COMPILATION_MODE = wholemodule;
			};
			name = Release;
		};
		3D04F73C2CDA0E0A009493BF /* Debug */ = {
			isa = XCBuildConfiguration;
			buildSettings = {
				ASSETCATALOG_COMPILER_APPICON_NAME = AppIcon;
				ASSETCATALOG_COMPILER_GLOBAL_ACCENT_COLOR_NAME = AccentColor;
				CODE_SIGN_ENTITLEMENTS = TFYSwiftMacOSAppKit_Swift/TFYSwiftMacOSAppKit_Swift.entitlements;
				CODE_SIGN_STYLE = Automatic;
				COMBINE_HIDPI_IMAGES = YES;
				CURRENT_PROJECT_VERSION = 1.0.0;
				DEVELOPMENT_TEAM = QH95759TSS;
				ENABLE_HARDENED_RUNTIME = YES;
				GENERATE_INFOPLIST_FILE = YES;
				INFOPLIST_KEY_CFBundleDisplayName = "swift链接";
				INFOPLIST_KEY_NSHumanReadableCopyright = "";
				INFOPLIST_KEY_NSMainStoryboardFile = Main;
				INFOPLIST_KEY_NSPrincipalClass = NSApplication;
				LD_RUNPATH_SEARCH_PATHS = (
					"$(inherited)",
					"@executable_path/../Frameworks",
				);
				MACOSX_DEPLOYMENT_TARGET = 11.5;
				MARKETING_VERSION = 1.0.0;
				PRODUCT_BUNDLE_IDENTIFIER = "com.TFYSwiftMacOSAppKit-Swift";
				PRODUCT_NAME = "$(TARGET_NAME)";
				SWIFT_EMIT_LOC_STRINGS = YES;
				SWIFT_VERSION = 5.0;
			};
			name = Debug;
		};
		3D04F73D2CDA0E0A009493BF /* Release */ = {
			isa = XCBuildConfiguration;
			buildSettings = {
				ASSETCATALOG_COMPILER_APPICON_NAME = AppIcon;
				ASSETCATALOG_COMPILER_GLOBAL_ACCENT_COLOR_NAME = AccentColor;
				CODE_SIGN_ENTITLEMENTS = TFYSwiftMacOSAppKit_Swift/TFYSwiftMacOSAppKit_Swift.entitlements;
				CODE_SIGN_STYLE = Automatic;
				COMBINE_HIDPI_IMAGES = YES;
				CURRENT_PROJECT_VERSION = 1.0.0;
				DEVELOPMENT_TEAM = QH95759TSS;
				ENABLE_HARDENED_RUNTIME = YES;
				GENERATE_INFOPLIST_FILE = YES;
				INFOPLIST_KEY_CFBundleDisplayName = "swift链接";
				INFOPLIST_KEY_NSHumanReadableCopyright = "";
				INFOPLIST_KEY_NSMainStoryboardFile = Main;
				INFOPLIST_KEY_NSPrincipalClass = NSApplication;
				LD_RUNPATH_SEARCH_PATHS = (
					"$(inherited)",
					"@executable_path/../Frameworks",
				);
				MACOSX_DEPLOYMENT_TARGET = 11.5;
				MARKETING_VERSION = 1.0.0;
				PRODUCT_BUNDLE_IDENTIFIER = "com.TFYSwiftMacOSAppKit-Swift";
				PRODUCT_NAME = "$(TARGET_NAME)";
				SWIFT_EMIT_LOC_STRINGS = YES;
				SWIFT_VERSION = 5.0;
			};
			name = Release;
		};
/* End XCBuildConfiguration section */

/* Begin XCConfigurationList section */
		3D04F7272CDA0E09009493BF /* Build configuration list for PBXProject "TFYSwiftMacOSAppKit_Swift" */ = {
			isa = XCConfigurationList;
			buildConfigurations = (
				3D04F7392CDA0E0A009493BF /* Debug */,
				3D04F73A2CDA0E0A009493BF /* Release */,
			);
			defaultConfigurationIsVisible = 0;
			defaultConfigurationName = Release;
		};
		3D04F73B2CDA0E0A009493BF /* Build configuration list for PBXNativeTarget "TFYSwiftMacOSAppKit_Swift" */ = {
			isa = XCConfigurationList;
			buildConfigurations = (
				3D04F73C2CDA0E0A009493BF /* Debug */,
				3D04F73D2CDA0E0A009493BF /* Release */,
			);
			defaultConfigurationIsVisible = 0;
			defaultConfigurationName = Release;
		};
/* End XCConfigurationList section */
	};
	rootObject = 3D04F7242CDA0E09009493BF /* Project object */;
}
